// !$*UTF8*$!
{
	archiveVersion = 1;
	classes = {
	};
	objectVersion = 46;
	objects = {

/* Begin PBXBuildFile section */
		1CA38F93196AE59A00E4AD9E /* BorderLabel.m in Sources */ = {isa = PBXBuildFile; fileRef = 1CA38F92196AE59A00E4AD9E /* BorderLabel.m */; };
		1CA7EF991967F1BD001772C9 /* QuartzCore.framework in Frameworks */ = {isa = PBXBuildFile; fileRef = 1CA7EF981967F1BD001772C9 /* QuartzCore.framework */; };
		1CAAA21D1966222C00A053C7 /* AppInfo.storyboard in Resources */ = {isa = PBXBuildFile; fileRef = 1CAAA21C1966222C00A053C7 /* AppInfo.storyboard */; };
		1CAAA2201966224300A053C7 /* AppInformationViewController.m in Sources */ = {isa = PBXBuildFile; fileRef = 1CAAA21F1966224300A053C7 /* AppInformationViewController.m */; };
		1CAAA2231966225900A053C7 /* OpenSourceLicenseViewController.m in Sources */ = {isa = PBXBuildFile; fileRef = 1CAAA2221966225900A053C7 /* OpenSourceLicenseViewController.m */; };
		1CAAA2251966252400A053C7 /* license.html in Resources */ = {isa = PBXBuildFile; fileRef = 1CAAA2241966252400A053C7 /* license.html */; };
		1CAAA2271966261300A053C7 /* kjcodeInfo.html in Resources */ = {isa = PBXBuildFile; fileRef = 1CAAA2261966261300A053C7 /* kjcodeInfo.html */; };
		1CB3063F196F845600D8BF54 /* NSError+Common.m in Sources */ = {isa = PBXBuildFile; fileRef = 1CB3063E196F845600D8BF54 /* NSError+Common.m */; };
		1CB7F8B219656935002446CB /* Tutorial.storyboard in Resources */ = {isa = PBXBuildFile; fileRef = 1CB7F8B119656935002446CB /* Tutorial.storyboard */; };
		1CB7F8B519656952002446CB /* TutorialViewController.m in Sources */ = {isa = PBXBuildFile; fileRef = 1CB7F8B419656952002446CB /* TutorialViewController.m */; };
		1CF2D6FB1964D1240062B0C1 /* MessageUI.framework in Frameworks */ = {isa = PBXBuildFile; fileRef = 1CF2D6FA1964D1240062B0C1 /* MessageUI.framework */; };
		221759D631BC4F348C6890DE /* libPods.a in Frameworks */ = {isa = PBXBuildFile; fileRef = F572CE3580F6449BBEA9BF3B /* libPods.a */; };
		3B23F21418E6C48B00518106 /* LineGraphView.m in Sources */ = {isa = PBXBuildFile; fileRef = 3B23F21318E6C48B00518106 /* LineGraphView.m */; };
		3B340F3B18DD99EF008F6E1E /* Menu.storyboard in Resources */ = {isa = PBXBuildFile; fileRef = 3B340F3A18DD99EF008F6E1E /* Menu.storyboard */; };
		3B340F3E18DD99FE008F6E1E /* MenuViewController.m in Sources */ = {isa = PBXBuildFile; fileRef = 3B340F3D18DD99FE008F6E1E /* MenuViewController.m */; };
		3B469F9C18B89D3A0095C418 /* Foundation.framework in Frameworks */ = {isa = PBXBuildFile; fileRef = 3B469F9B18B89D3A0095C418 /* Foundation.framework */; };
		3B469F9E18B89D3A0095C418 /* CoreGraphics.framework in Frameworks */ = {isa = PBXBuildFile; fileRef = 3B469F9D18B89D3A0095C418 /* CoreGraphics.framework */; };
		3B469FA018B89D3A0095C418 /* UIKit.framework in Frameworks */ = {isa = PBXBuildFile; fileRef = 3B469F9F18B89D3A0095C418 /* UIKit.framework */; };
		3B469FA618B89D3A0095C418 /* InfoPlist.strings in Resources */ = {isa = PBXBuildFile; fileRef = 3B469FA418B89D3A0095C418 /* InfoPlist.strings */; };
		3B469FA818B89D3A0095C418 /* main.m in Sources */ = {isa = PBXBuildFile; fileRef = 3B469FA718B89D3A0095C418 /* main.m */; };
		3B469FAC18B89D3A0095C418 /* AppDelegate.m in Sources */ = {isa = PBXBuildFile; fileRef = 3B469FAB18B89D3A0095C418 /* AppDelegate.m */; };
		3B469FB418B89D3A0095C418 /* Images.xcassets in Resources */ = {isa = PBXBuildFile; fileRef = 3B469FB318B89D3A0095C418 /* Images.xcassets */; };
		3B469FBB18B89D3A0095C418 /* XCTest.framework in Frameworks */ = {isa = PBXBuildFile; fileRef = 3B469FBA18B89D3A0095C418 /* XCTest.framework */; };
		3B469FBC18B89D3A0095C418 /* Foundation.framework in Frameworks */ = {isa = PBXBuildFile; fileRef = 3B469F9B18B89D3A0095C418 /* Foundation.framework */; };
		3B469FBD18B89D3A0095C418 /* UIKit.framework in Frameworks */ = {isa = PBXBuildFile; fileRef = 3B469F9F18B89D3A0095C418 /* UIKit.framework */; };
		3B469FC518B89D3A0095C418 /* InfoPlist.strings in Resources */ = {isa = PBXBuildFile; fileRef = 3B469FC318B89D3A0095C418 /* InfoPlist.strings */; };
		3B469FC718B89D3A0095C418 /* HakenmanTests.m in Sources */ = {isa = PBXBuildFile; fileRef = 3B469FC618B89D3A0095C418 /* HakenmanTests.m */; };
		3B469FD318B8AB740095C418 /* hakenModel.xcdatamodeld in Sources */ = {isa = PBXBuildFile; fileRef = 3B469FD118B8AB740095C418 /* hakenModel.xcdatamodeld */; };
		3B469FE818B8B0420095C418 /* CoreData.framework in Frameworks */ = {isa = PBXBuildFile; fileRef = 3B469FE718B8B0420095C418 /* CoreData.framework */; };
		3B65970E19174FAF0075AB24 /* MonthWorkingTableViewController.m in Sources */ = {isa = PBXBuildFile; fileRef = 3B65970D19174FAE0075AB24 /* MonthWorkingTableViewController.m */; };
		3B659711191759F00075AB24 /* NSDate+Helper.m in Sources */ = {isa = PBXBuildFile; fileRef = 3B659710191759F00075AB24 /* NSDate+Helper.m */; };
		3B659717191767D30075AB24 /* LeftTableViewCell.m in Sources */ = {isa = PBXBuildFile; fileRef = 3B659716191767D30075AB24 /* LeftTableViewCell.m */; };
		3B65971A191767E40075AB24 /* RightTableViewCell.m in Sources */ = {isa = PBXBuildFile; fileRef = 3B659719191767E40075AB24 /* RightTableViewCell.m */; };
		3B65972019177F250075AB24 /* MonthWorkingTableEditViewController.m in Sources */ = {isa = PBXBuildFile; fileRef = 3B65971F19177F250075AB24 /* MonthWorkingTableEditViewController.m */; };
		3B659724191780FA0075AB24 /* EditTimeTableViewCell.m in Sources */ = {isa = PBXBuildFile; fileRef = 3B659723191780FA0075AB24 /* EditTimeTableViewCell.m */; };
		3B659727191781170075AB24 /* SwitchButtonTableViewCell.m in Sources */ = {isa = PBXBuildFile; fileRef = 3B659726191781170075AB24 /* SwitchButtonTableViewCell.m */; };
		3B6AFEDE18E6857100501C94 /* Util.m in Sources */ = {isa = PBXBuildFile; fileRef = 3B6AFEDD18E6857100501C94 /* Util.m */; };
		3B6AFEE118E6874200501C94 /* FileDataDao.m in Sources */ = {isa = PBXBuildFile; fileRef = 3B6AFEE018E6874200501C94 /* FileDataDao.m */; };
		3B6AFEEA18E69C6300501C94 /* MailContentsDao.m in Sources */ = {isa = PBXBuildFile; fileRef = 3B6AFEE918E69C6300501C94 /* MailContentsDao.m */; };
		3B6CC8AF195D4A8D00F64041 /* TimeCard.m in Sources */ = {isa = PBXBuildFile; fileRef = 3B6CC8AE195D4A8D00F64041 /* TimeCard.m */; };
		3B6CC8B2195D4A8D00F64041 /* TimeCardSummary.m in Sources */ = {isa = PBXBuildFile; fileRef = 3B6CC8B1195D4A8D00F64041 /* TimeCardSummary.m */; };
		3B6CC8B8195D5D1200F64041 /* StoryboardUtil.m in Sources */ = {isa = PBXBuildFile; fileRef = 3B6CC8B7195D5D1200F64041 /* StoryboardUtil.m */; };
		3B782548195EC69E003D408D /* UIColor+Helper.m in Sources */ = {isa = PBXBuildFile; fileRef = 3B782547195EC69E003D408D /* UIColor+Helper.m */; };
		3B8CB23F1942EDD900CD922E /* FileData.m in Sources */ = {isa = PBXBuildFile; fileRef = 3B8CB23E1942EDD900CD922E /* FileData.m */; };
		3B8CB2421942EDD900CD922E /* MailContent.m in Sources */ = {isa = PBXBuildFile; fileRef = 3B8CB2411942EDD900CD922E /* MailContent.m */; };
		3B8CB2451942EDD900CD922E /* SiteInfo.m in Sources */ = {isa = PBXBuildFile; fileRef = 3B8CB2441942EDD900CD922E /* SiteInfo.m */; };
		3B8CB24F1942EFC200CD922E /* TodayTableViewCell.m in Sources */ = {isa = PBXBuildFile; fileRef = 3B8CB24E1942EFC200CD922E /* TodayTableViewCell.m */; };
		3B8CB2521942EFDC00CD922E /* MonthTableViewCell.m in Sources */ = {isa = PBXBuildFile; fileRef = 3B8CB2511942EFDC00CD922E /* MonthTableViewCell.m */; };
		3B8CB255194315DB00CD922E /* TimeCardSummaryDao.m in Sources */ = {isa = PBXBuildFile; fileRef = 3B8CB254194315DB00CD922E /* TimeCardSummaryDao.m */; };
		3B8FA71F18DDF17D00A1182E /* Localizable.strings in Resources */ = {isa = PBXBuildFile; fileRef = 3B8FA71D18DDF17D00A1182E /* Localizable.strings */; };
		3B8FA72318DDF59400A1182E /* NSUserDefaults+Setting.m in Sources */ = {isa = PBXBuildFile; fileRef = 3B8FA72218DDF59400A1182E /* NSUserDefaults+Setting.m */; };
		3B9CEA1D18DD4521000E4FF3 /* DBManager.m in Sources */ = {isa = PBXBuildFile; fileRef = 3B9CEA1C18DD4521000E4FF3 /* DBManager.m */; };
		3B9CEA2018DD458F000E4FF3 /* TimeCardDao.m in Sources */ = {isa = PBXBuildFile; fileRef = 3B9CEA1F18DD458F000E4FF3 /* TimeCardDao.m */; };
		3B9CEA2618DD690C000E4FF3 /* ModelDao.m in Sources */ = {isa = PBXBuildFile; fileRef = 3B9CEA2518DD690C000E4FF3 /* ModelDao.m */; };
		3BC0E3C418DD737C0062B07A /* Setting.storyboard in Resources */ = {isa = PBXBuildFile; fileRef = 3BC0E3C318DD737C0062B07A /* Setting.storyboard */; };
		3BC0E3CA18DD74D80062B07A /* SettingViewController.m in Sources */ = {isa = PBXBuildFile; fileRef = 3BC0E3C918DD74D80062B07A /* SettingViewController.m */; };
		3BC0E3CD18DD75310062B07A /* KJViewController.m in Sources */ = {isa = PBXBuildFile; fileRef = 3BC0E3CC18DD75310062B07A /* KJViewController.m */; };
		3BC0E3E018DD75FD0062B07A /* TopViewController.m in Sources */ = {isa = PBXBuildFile; fileRef = 3BC0E3DC18DD75FD0062B07A /* TopViewController.m */; };
		3BC0E3E218DD76460062B07A /* Top.storyboard in Resources */ = {isa = PBXBuildFile; fileRef = 3BC0E3E118DD76460062B07A /* Top.storyboard */; };
		3D1F5B2619637DDB003D9C25 /* LeftTableViewData.m in Sources */ = {isa = PBXBuildFile; fileRef = 3D1F5B2519637DDB003D9C25 /* LeftTableViewData.m */; };
		3DD9C5FC19641F7500F4B8C5 /* RightTableViewData.m in Sources */ = {isa = PBXBuildFile; fileRef = 3DD9C5FB19641F7500F4B8C5 /* RightTableViewData.m */; };
/* End PBXBuildFile section */

/* Begin PBXContainerItemProxy section */
		3B469FBE18B89D3A0095C418 /* PBXContainerItemProxy */ = {
			isa = PBXContainerItemProxy;
			containerPortal = 3B469F9018B89D3A0095C418 /* Project object */;
			proxyType = 1;
			remoteGlobalIDString = 3B469F9718B89D3A0095C418;
			remoteInfo = Hakenman;
		};
/* End PBXContainerItemProxy section */

/* Begin PBXFileReference section */
		1CA38F91196AE59A00E4AD9E /* BorderLabel.h */ = {isa = PBXFileReference; fileEncoding = 4; lastKnownFileType = sourcecode.c.h; path = BorderLabel.h; sourceTree = "<group>"; };
		1CA38F92196AE59A00E4AD9E /* BorderLabel.m */ = {isa = PBXFileReference; fileEncoding = 4; lastKnownFileType = sourcecode.c.objc; path = BorderLabel.m; sourceTree = "<group>"; };
		1CA7EF981967F1BD001772C9 /* QuartzCore.framework */ = {isa = PBXFileReference; lastKnownFileType = wrapper.framework; name = QuartzCore.framework; path = System/Library/Frameworks/QuartzCore.framework; sourceTree = SDKROOT; };
		1CAAA21C1966222C00A053C7 /* AppInfo.storyboard */ = {isa = PBXFileReference; fileEncoding = 4; lastKnownFileType = file.storyboard; path = AppInfo.storyboard; sourceTree = "<group>"; };
		1CAAA21E1966224300A053C7 /* AppInformationViewController.h */ = {isa = PBXFileReference; fileEncoding = 4; lastKnownFileType = sourcecode.c.h; path = AppInformationViewController.h; sourceTree = "<group>"; };
		1CAAA21F1966224300A053C7 /* AppInformationViewController.m */ = {isa = PBXFileReference; fileEncoding = 4; lastKnownFileType = sourcecode.c.objc; path = AppInformationViewController.m; sourceTree = "<group>"; };
		1CAAA2211966225900A053C7 /* OpenSourceLicenseViewController.h */ = {isa = PBXFileReference; fileEncoding = 4; lastKnownFileType = sourcecode.c.h; path = OpenSourceLicenseViewController.h; sourceTree = "<group>"; };
		1CAAA2221966225900A053C7 /* OpenSourceLicenseViewController.m */ = {isa = PBXFileReference; fileEncoding = 4; lastKnownFileType = sourcecode.c.objc; path = OpenSourceLicenseViewController.m; sourceTree = "<group>"; };
		1CAAA2241966252400A053C7 /* license.html */ = {isa = PBXFileReference; fileEncoding = 4; lastKnownFileType = text.html; path = license.html; sourceTree = "<group>"; };
		1CAAA2261966261300A053C7 /* kjcodeInfo.html */ = {isa = PBXFileReference; fileEncoding = 4; lastKnownFileType = text.html; path = kjcodeInfo.html; sourceTree = "<group>"; };
		1CB3063D196F845600D8BF54 /* NSError+Common.h */ = {isa = PBXFileReference; fileEncoding = 4; lastKnownFileType = sourcecode.c.h; path = "NSError+Common.h"; sourceTree = "<group>"; };
		1CB3063E196F845600D8BF54 /* NSError+Common.m */ = {isa = PBXFileReference; fileEncoding = 4; lastKnownFileType = sourcecode.c.objc; path = "NSError+Common.m"; sourceTree = "<group>"; };
		1CB7F8B119656935002446CB /* Tutorial.storyboard */ = {isa = PBXFileReference; fileEncoding = 4; lastKnownFileType = file.storyboard; path = Tutorial.storyboard; sourceTree = "<group>"; };
		1CB7F8B319656952002446CB /* TutorialViewController.h */ = {isa = PBXFileReference; fileEncoding = 4; lastKnownFileType = sourcecode.c.h; path = TutorialViewController.h; sourceTree = "<group>"; };
		1CB7F8B419656952002446CB /* TutorialViewController.m */ = {isa = PBXFileReference; fileEncoding = 4; lastKnownFileType = sourcecode.c.objc; path = TutorialViewController.m; sourceTree = "<group>"; };
		1CBFDAA719793374001A51D5 /* SenTestingKit.framework */ = {isa = PBXFileReference; lastKnownFileType = wrapper.framework; name = SenTestingKit.framework; path = Library/Frameworks/SenTestingKit.framework; sourceTree = DEVELOPER_DIR; };
		1CF2D6FA1964D1240062B0C1 /* MessageUI.framework */ = {isa = PBXFileReference; lastKnownFileType = wrapper.framework; name = MessageUI.framework; path = System/Library/Frameworks/MessageUI.framework; sourceTree = SDKROOT; };
		3B23F21218E6C48B00518106 /* LineGraphView.h */ = {isa = PBXFileReference; fileEncoding = 4; lastKnownFileType = sourcecode.c.h; path = LineGraphView.h; sourceTree = "<group>"; };
		3B23F21318E6C48B00518106 /* LineGraphView.m */ = {isa = PBXFileReference; fileEncoding = 4; lastKnownFileType = sourcecode.c.objc; path = LineGraphView.m; sourceTree = "<group>"; };
		3B340F3A18DD99EF008F6E1E /* Menu.storyboard */ = {isa = PBXFileReference; fileEncoding = 4; lastKnownFileType = file.storyboard; path = Menu.storyboard; sourceTree = "<group>"; };
		3B340F3C18DD99FE008F6E1E /* MenuViewController.h */ = {isa = PBXFileReference; fileEncoding = 4; lastKnownFileType = sourcecode.c.h; path = MenuViewController.h; sourceTree = "<group>"; };
		3B340F3D18DD99FE008F6E1E /* MenuViewController.m */ = {isa = PBXFileReference; fileEncoding = 4; lastKnownFileType = sourcecode.c.objc; path = MenuViewController.m; sourceTree = "<group>"; };
		3B469F9818B89D3A0095C418 /* Hakenman.app */ = {isa = PBXFileReference; explicitFileType = wrapper.application; includeInIndex = 0; path = Hakenman.app; sourceTree = BUILT_PRODUCTS_DIR; };
		3B469F9B18B89D3A0095C418 /* Foundation.framework */ = {isa = PBXFileReference; lastKnownFileType = wrapper.framework; name = Foundation.framework; path = System/Library/Frameworks/Foundation.framework; sourceTree = SDKROOT; };
		3B469F9D18B89D3A0095C418 /* CoreGraphics.framework */ = {isa = PBXFileReference; lastKnownFileType = wrapper.framework; name = CoreGraphics.framework; path = System/Library/Frameworks/CoreGraphics.framework; sourceTree = SDKROOT; };
		3B469F9F18B89D3A0095C418 /* UIKit.framework */ = {isa = PBXFileReference; lastKnownFileType = wrapper.framework; name = UIKit.framework; path = System/Library/Frameworks/UIKit.framework; sourceTree = SDKROOT; };
		3B469FA318B89D3A0095C418 /* Hakenman-Info.plist */ = {isa = PBXFileReference; lastKnownFileType = text.plist.xml; path = "Hakenman-Info.plist"; sourceTree = "<group>"; };
		3B469FA518B89D3A0095C418 /* en */ = {isa = PBXFileReference; lastKnownFileType = text.plist.strings; name = en; path = en.lproj/InfoPlist.strings; sourceTree = "<group>"; };
		3B469FA718B89D3A0095C418 /* main.m */ = {isa = PBXFileReference; lastKnownFileType = sourcecode.c.objc; path = main.m; sourceTree = "<group>"; };
		3B469FA918B89D3A0095C418 /* Hakenman-Prefix.pch */ = {isa = PBXFileReference; lastKnownFileType = sourcecode.c.h; path = "Hakenman-Prefix.pch"; sourceTree = "<group>"; };
		3B469FAA18B89D3A0095C418 /* AppDelegate.h */ = {isa = PBXFileReference; lastKnownFileType = sourcecode.c.h; path = AppDelegate.h; sourceTree = "<group>"; };
		3B469FAB18B89D3A0095C418 /* AppDelegate.m */ = {isa = PBXFileReference; lastKnownFileType = sourcecode.c.objc; path = AppDelegate.m; sourceTree = "<group>"; };
		3B469FB318B89D3A0095C418 /* Images.xcassets */ = {isa = PBXFileReference; lastKnownFileType = folder.assetcatalog; path = Images.xcassets; sourceTree = "<group>"; };
		3B469FB918B89D3A0095C418 /* HakenmanTests.xctest */ = {isa = PBXFileReference; explicitFileType = wrapper.cfbundle; includeInIndex = 0; path = HakenmanTests.xctest; sourceTree = BUILT_PRODUCTS_DIR; };
		3B469FBA18B89D3A0095C418 /* XCTest.framework */ = {isa = PBXFileReference; lastKnownFileType = wrapper.framework; name = XCTest.framework; path = Library/Frameworks/XCTest.framework; sourceTree = DEVELOPER_DIR; };
		3B469FC218B89D3A0095C418 /* HakenmanTests-Info.plist */ = {isa = PBXFileReference; lastKnownFileType = text.plist.xml; path = "HakenmanTests-Info.plist"; sourceTree = "<group>"; };
		3B469FC418B89D3A0095C418 /* en */ = {isa = PBXFileReference; lastKnownFileType = text.plist.strings; name = en; path = en.lproj/InfoPlist.strings; sourceTree = "<group>"; };
		3B469FC618B89D3A0095C418 /* HakenmanTests.m */ = {isa = PBXFileReference; lastKnownFileType = sourcecode.c.objc; path = HakenmanTests.m; sourceTree = "<group>"; };
		3B469FD218B8AB740095C418 /* hakenModel.xcdatamodel */ = {isa = PBXFileReference; lastKnownFileType = wrapper.xcdatamodel; path = hakenModel.xcdatamodel; sourceTree = "<group>"; };
		3B469FE718B8B0420095C418 /* CoreData.framework */ = {isa = PBXFileReference; lastKnownFileType = wrapper.framework; name = CoreData.framework; path = System/Library/Frameworks/CoreData.framework; sourceTree = SDKROOT; };
		3B65970C19174FAE0075AB24 /* MonthWorkingTableViewController.h */ = {isa = PBXFileReference; fileEncoding = 4; lastKnownFileType = sourcecode.c.h; path = MonthWorkingTableViewController.h; sourceTree = "<group>"; };
		3B65970D19174FAE0075AB24 /* MonthWorkingTableViewController.m */ = {isa = PBXFileReference; fileEncoding = 4; lastKnownFileType = sourcecode.c.objc; path = MonthWorkingTableViewController.m; sourceTree = "<group>"; };
		3B65970F191759F00075AB24 /* NSDate+Helper.h */ = {isa = PBXFileReference; fileEncoding = 4; lastKnownFileType = sourcecode.c.h; path = "NSDate+Helper.h"; sourceTree = "<group>"; };
		3B659710191759F00075AB24 /* NSDate+Helper.m */ = {isa = PBXFileReference; fileEncoding = 4; lastKnownFileType = sourcecode.c.objc; path = "NSDate+Helper.m"; sourceTree = "<group>"; };
		3B659715191767D30075AB24 /* LeftTableViewCell.h */ = {isa = PBXFileReference; fileEncoding = 4; lastKnownFileType = sourcecode.c.h; path = LeftTableViewCell.h; sourceTree = "<group>"; };
		3B659716191767D30075AB24 /* LeftTableViewCell.m */ = {isa = PBXFileReference; fileEncoding = 4; lastKnownFileType = sourcecode.c.objc; path = LeftTableViewCell.m; sourceTree = "<group>"; };
		3B659718191767E40075AB24 /* RightTableViewCell.h */ = {isa = PBXFileReference; fileEncoding = 4; lastKnownFileType = sourcecode.c.h; path = RightTableViewCell.h; sourceTree = "<group>"; };
		3B659719191767E40075AB24 /* RightTableViewCell.m */ = {isa = PBXFileReference; fileEncoding = 4; lastKnownFileType = sourcecode.c.objc; path = RightTableViewCell.m; sourceTree = "<group>"; };
		3B65971E19177F250075AB24 /* MonthWorkingTableEditViewController.h */ = {isa = PBXFileReference; fileEncoding = 4; lastKnownFileType = sourcecode.c.h; path = MonthWorkingTableEditViewController.h; sourceTree = "<group>"; };
		3B65971F19177F250075AB24 /* MonthWorkingTableEditViewController.m */ = {isa = PBXFileReference; fileEncoding = 4; lastKnownFileType = sourcecode.c.objc; path = MonthWorkingTableEditViewController.m; sourceTree = "<group>"; };
		3B659722191780FA0075AB24 /* EditTimeTableViewCell.h */ = {isa = PBXFileReference; fileEncoding = 4; lastKnownFileType = sourcecode.c.h; path = EditTimeTableViewCell.h; sourceTree = "<group>"; };
		3B659723191780FA0075AB24 /* EditTimeTableViewCell.m */ = {isa = PBXFileReference; fileEncoding = 4; lastKnownFileType = sourcecode.c.objc; path = EditTimeTableViewCell.m; sourceTree = "<group>"; };
		3B659725191781170075AB24 /* SwitchButtonTableViewCell.h */ = {isa = PBXFileReference; fileEncoding = 4; lastKnownFileType = sourcecode.c.h; path = SwitchButtonTableViewCell.h; sourceTree = "<group>"; };
		3B659726191781170075AB24 /* SwitchButtonTableViewCell.m */ = {isa = PBXFileReference; fileEncoding = 4; lastKnownFileType = sourcecode.c.objc; path = SwitchButtonTableViewCell.m; sourceTree = "<group>"; };
		3B6AFEDC18E6857100501C94 /* Util.h */ = {isa = PBXFileReference; fileEncoding = 4; lastKnownFileType = sourcecode.c.h; path = Util.h; sourceTree = "<group>"; };
		3B6AFEDD18E6857100501C94 /* Util.m */ = {isa = PBXFileReference; fileEncoding = 4; lastKnownFileType = sourcecode.c.objc; path = Util.m; sourceTree = "<group>"; };
		3B6AFEDF18E6874200501C94 /* FileDataDao.h */ = {isa = PBXFileReference; fileEncoding = 4; lastKnownFileType = sourcecode.c.h; path = FileDataDao.h; sourceTree = "<group>"; };
		3B6AFEE018E6874200501C94 /* FileDataDao.m */ = {isa = PBXFileReference; fileEncoding = 4; lastKnownFileType = sourcecode.c.objc; path = FileDataDao.m; sourceTree = "<group>"; };
		3B6AFEE818E69C6300501C94 /* MailContentsDao.h */ = {isa = PBXFileReference; fileEncoding = 4; lastKnownFileType = sourcecode.c.h; path = MailContentsDao.h; sourceTree = "<group>"; };
		3B6AFEE918E69C6300501C94 /* MailContentsDao.m */ = {isa = PBXFileReference; fileEncoding = 4; lastKnownFileType = sourcecode.c.objc; path = MailContentsDao.m; sourceTree = "<group>"; };
		3B6CC8AD195D4A8D00F64041 /* TimeCard.h */ = {isa = PBXFileReference; fileEncoding = 4; lastKnownFileType = sourcecode.c.h; path = TimeCard.h; sourceTree = "<group>"; };
		3B6CC8AE195D4A8D00F64041 /* TimeCard.m */ = {isa = PBXFileReference; fileEncoding = 4; lastKnownFileType = sourcecode.c.objc; path = TimeCard.m; sourceTree = "<group>"; };
		3B6CC8B0195D4A8D00F64041 /* TimeCardSummary.h */ = {isa = PBXFileReference; fileEncoding = 4; lastKnownFileType = sourcecode.c.h; path = TimeCardSummary.h; sourceTree = "<group>"; };
		3B6CC8B1195D4A8D00F64041 /* TimeCardSummary.m */ = {isa = PBXFileReference; fileEncoding = 4; lastKnownFileType = sourcecode.c.objc; path = TimeCardSummary.m; sourceTree = "<group>"; };
		3B6CC8B6195D5D1200F64041 /* StoryboardUtil.h */ = {isa = PBXFileReference; fileEncoding = 4; lastKnownFileType = sourcecode.c.h; path = StoryboardUtil.h; sourceTree = "<group>"; };
		3B6CC8B7195D5D1200F64041 /* StoryboardUtil.m */ = {isa = PBXFileReference; fileEncoding = 4; lastKnownFileType = sourcecode.c.objc; path = StoryboardUtil.m; sourceTree = "<group>"; };
		3B782546195EC69E003D408D /* UIColor+Helper.h */ = {isa = PBXFileReference; fileEncoding = 4; lastKnownFileType = sourcecode.c.h; path = "UIColor+Helper.h"; sourceTree = "<group>"; };
		3B782547195EC69E003D408D /* UIColor+Helper.m */ = {isa = PBXFileReference; fileEncoding = 4; lastKnownFileType = sourcecode.c.objc; path = "UIColor+Helper.m"; sourceTree = "<group>"; };
		3B8CB23D1942EDD900CD922E /* FileData.h */ = {isa = PBXFileReference; fileEncoding = 4; lastKnownFileType = sourcecode.c.h; path = FileData.h; sourceTree = "<group>"; };
		3B8CB23E1942EDD900CD922E /* FileData.m */ = {isa = PBXFileReference; fileEncoding = 4; lastKnownFileType = sourcecode.c.objc; path = FileData.m; sourceTree = "<group>"; };
		3B8CB2401942EDD900CD922E /* MailContent.h */ = {isa = PBXFileReference; fileEncoding = 4; lastKnownFileType = sourcecode.c.h; path = MailContent.h; sourceTree = "<group>"; };
		3B8CB2411942EDD900CD922E /* MailContent.m */ = {isa = PBXFileReference; fileEncoding = 4; lastKnownFileType = sourcecode.c.objc; path = MailContent.m; sourceTree = "<group>"; };
		3B8CB2431942EDD900CD922E /* SiteInfo.h */ = {isa = PBXFileReference; fileEncoding = 4; lastKnownFileType = sourcecode.c.h; path = SiteInfo.h; sourceTree = "<group>"; };
		3B8CB2441942EDD900CD922E /* SiteInfo.m */ = {isa = PBXFileReference; fileEncoding = 4; lastKnownFileType = sourcecode.c.objc; path = SiteInfo.m; sourceTree = "<group>"; };
		3B8CB24D1942EFC200CD922E /* TodayTableViewCell.h */ = {isa = PBXFileReference; fileEncoding = 4; lastKnownFileType = sourcecode.c.h; path = TodayTableViewCell.h; sourceTree = "<group>"; };
		3B8CB24E1942EFC200CD922E /* TodayTableViewCell.m */ = {isa = PBXFileReference; fileEncoding = 4; lastKnownFileType = sourcecode.c.objc; path = TodayTableViewCell.m; sourceTree = "<group>"; };
		3B8CB2501942EFDC00CD922E /* MonthTableViewCell.h */ = {isa = PBXFileReference; fileEncoding = 4; lastKnownFileType = sourcecode.c.h; path = MonthTableViewCell.h; sourceTree = "<group>"; };
		3B8CB2511942EFDC00CD922E /* MonthTableViewCell.m */ = {isa = PBXFileReference; fileEncoding = 4; lastKnownFileType = sourcecode.c.objc; path = MonthTableViewCell.m; sourceTree = "<group>"; };
		3B8CB253194315DB00CD922E /* TimeCardSummaryDao.h */ = {isa = PBXFileReference; fileEncoding = 4; lastKnownFileType = sourcecode.c.h; path = TimeCardSummaryDao.h; sourceTree = "<group>"; };
		3B8CB254194315DB00CD922E /* TimeCardSummaryDao.m */ = {isa = PBXFileReference; fileEncoding = 4; lastKnownFileType = sourcecode.c.objc; path = TimeCardSummaryDao.m; sourceTree = "<group>"; };
		3B8FA71618DDEFB900A1182E /* const.h */ = {isa = PBXFileReference; lastKnownFileType = sourcecode.c.h; path = const.h; sourceTree = "<group>"; };
		3B8FA71718DDF0D100A1182E /* ja */ = {isa = PBXFileReference; lastKnownFileType = text.plist.strings; name = ja; path = ja.lproj/InfoPlist.strings; sourceTree = "<group>"; };
		3B8FA71818DDF0D200A1182E /* ja */ = {isa = PBXFileReference; lastKnownFileType = text.plist.strings; name = ja; path = ja.lproj/InfoPlist.strings; sourceTree = "<group>"; };
		3B8FA71E18DDF17D00A1182E /* en */ = {isa = PBXFileReference; lastKnownFileType = text.plist.strings; name = en; path = en.lproj/Localizable.strings; sourceTree = "<group>"; };
		3B8FA72018DDF18100A1182E /* ja */ = {isa = PBXFileReference; lastKnownFileType = text.plist.strings; name = ja; path = ja.lproj/Localizable.strings; sourceTree = "<group>"; };
		3B8FA72118DDF59400A1182E /* NSUserDefaults+Setting.h */ = {isa = PBXFileReference; fileEncoding = 4; lastKnownFileType = sourcecode.c.h; path = "NSUserDefaults+Setting.h"; sourceTree = "<group>"; };
		3B8FA72218DDF59400A1182E /* NSUserDefaults+Setting.m */ = {isa = PBXFileReference; fileEncoding = 4; lastKnownFileType = sourcecode.c.objc; path = "NSUserDefaults+Setting.m"; sourceTree = "<group>"; };
		3B9CEA1B18DD4521000E4FF3 /* DBManager.h */ = {isa = PBXFileReference; fileEncoding = 4; lastKnownFileType = sourcecode.c.h; path = DBManager.h; sourceTree = "<group>"; };
		3B9CEA1C18DD4521000E4FF3 /* DBManager.m */ = {isa = PBXFileReference; fileEncoding = 4; lastKnownFileType = sourcecode.c.objc; path = DBManager.m; sourceTree = "<group>"; };
		3B9CEA1E18DD458F000E4FF3 /* TimeCardDao.h */ = {isa = PBXFileReference; fileEncoding = 4; lastKnownFileType = sourcecode.c.h; path = TimeCardDao.h; sourceTree = "<group>"; };
		3B9CEA1F18DD458F000E4FF3 /* TimeCardDao.m */ = {isa = PBXFileReference; fileEncoding = 4; lastKnownFileType = sourcecode.c.objc; path = TimeCardDao.m; sourceTree = "<group>"; };
		3B9CEA2418DD690C000E4FF3 /* ModelDao.h */ = {isa = PBXFileReference; fileEncoding = 4; lastKnownFileType = sourcecode.c.h; path = ModelDao.h; sourceTree = "<group>"; };
		3B9CEA2518DD690C000E4FF3 /* ModelDao.m */ = {isa = PBXFileReference; fileEncoding = 4; lastKnownFileType = sourcecode.c.objc; path = ModelDao.m; sourceTree = "<group>"; };
		3BC0E3C318DD737C0062B07A /* Setting.storyboard */ = {isa = PBXFileReference; fileEncoding = 4; lastKnownFileType = file.storyboard; path = Setting.storyboard; sourceTree = "<group>"; };
		3BC0E3C818DD74D80062B07A /* SettingViewController.h */ = {isa = PBXFileReference; fileEncoding = 4; lastKnownFileType = sourcecode.c.h; path = SettingViewController.h; sourceTree = "<group>"; };
		3BC0E3C918DD74D80062B07A /* SettingViewController.m */ = {isa = PBXFileReference; fileEncoding = 4; lastKnownFileType = sourcecode.c.objc; path = SettingViewController.m; sourceTree = "<group>"; };
		3BC0E3CB18DD75310062B07A /* KJViewController.h */ = {isa = PBXFileReference; fileEncoding = 4; lastKnownFileType = sourcecode.c.h; path = KJViewController.h; sourceTree = "<group>"; };
		3BC0E3CC18DD75310062B07A /* KJViewController.m */ = {isa = PBXFileReference; fileEncoding = 4; lastKnownFileType = sourcecode.c.objc; path = KJViewController.m; sourceTree = "<group>"; };
		3BC0E3DB18DD75FD0062B07A /* TopViewController.h */ = {isa = PBXFileReference; fileEncoding = 4; lastKnownFileType = sourcecode.c.h; path = TopViewController.h; sourceTree = "<group>"; };
		3BC0E3DC18DD75FD0062B07A /* TopViewController.m */ = {isa = PBXFileReference; fileEncoding = 4; lastKnownFileType = sourcecode.c.objc; path = TopViewController.m; sourceTree = "<group>"; };
		3BC0E3E118DD76460062B07A /* Top.storyboard */ = {isa = PBXFileReference; fileEncoding = 4; lastKnownFileType = file.storyboard; path = Top.storyboard; sourceTree = "<group>"; };
		3D1F5B2419637DDB003D9C25 /* LeftTableViewData.h */ = {isa = PBXFileReference; fileEncoding = 4; lastKnownFileType = sourcecode.c.h; path = LeftTableViewData.h; sourceTree = "<group>"; };
		3D1F5B2519637DDB003D9C25 /* LeftTableViewData.m */ = {isa = PBXFileReference; fileEncoding = 4; lastKnownFileType = sourcecode.c.objc; path = LeftTableViewData.m; sourceTree = "<group>"; };
		3D2980671987B66900018BAD /* ko */ = {isa = PBXFileReference; lastKnownFileType = text.plist.strings; name = ko; path = ko.lproj/InfoPlist.strings; sourceTree = "<group>"; };
		3D2980681987B66900018BAD /* ko */ = {isa = PBXFileReference; lastKnownFileType = text.plist.strings; name = ko; path = ko.lproj/Localizable.strings; sourceTree = "<group>"; };
		3D2980691987B66900018BAD /* ko */ = {isa = PBXFileReference; lastKnownFileType = text.plist.strings; name = ko; path = ko.lproj/InfoPlist.strings; sourceTree = "<group>"; };
		3DD9C5FA19641F7500F4B8C5 /* RightTableViewData.h */ = {isa = PBXFileReference; fileEncoding = 4; lastKnownFileType = sourcecode.c.h; path = RightTableViewData.h; sourceTree = "<group>"; };
		3DD9C5FB19641F7500F4B8C5 /* RightTableViewData.m */ = {isa = PBXFileReference; fileEncoding = 4; lastKnownFileType = sourcecode.c.objc; path = RightTableViewData.m; sourceTree = "<group>"; };
		532CC838725D4E49AAEC195A /* Pods.xcconfig */ = {isa = PBXFileReference; includeInIndex = 1; lastKnownFileType = text.xcconfig; name = Pods.xcconfig; path = Pods/Pods.xcconfig; sourceTree = "<group>"; };
		F572CE3580F6449BBEA9BF3B /* libPods.a */ = {isa = PBXFileReference; explicitFileType = archive.ar; includeInIndex = 0; path = libPods.a; sourceTree = BUILT_PRODUCTS_DIR; };
/* End PBXFileReference section */

/* Begin PBXFrameworksBuildPhase section */
		3B469F9518B89D3A0095C418 /* Frameworks */ = {
			isa = PBXFrameworksBuildPhase;
			buildActionMask = 2147483647;
			files = (
				1CA7EF991967F1BD001772C9 /* QuartzCore.framework in Frameworks */,
				1CF2D6FB1964D1240062B0C1 /* MessageUI.framework in Frameworks */,
				3B469FE818B8B0420095C418 /* CoreData.framework in Frameworks */,
				3B469F9E18B89D3A0095C418 /* CoreGraphics.framework in Frameworks */,
				3B469FA018B89D3A0095C418 /* UIKit.framework in Frameworks */,
				3B469F9C18B89D3A0095C418 /* Foundation.framework in Frameworks */,
				221759D631BC4F348C6890DE /* libPods.a in Frameworks */,
			);
			runOnlyForDeploymentPostprocessing = 0;
		};
		3B469FB618B89D3A0095C418 /* Frameworks */ = {
			isa = PBXFrameworksBuildPhase;
			buildActionMask = 2147483647;
			files = (
				3B469FBB18B89D3A0095C418 /* XCTest.framework in Frameworks */,
				3B469FBD18B89D3A0095C418 /* UIKit.framework in Frameworks */,
				3B469FBC18B89D3A0095C418 /* Foundation.framework in Frameworks */,
			);
			runOnlyForDeploymentPostprocessing = 0;
		};
/* End PBXFrameworksBuildPhase section */

/* Begin PBXGroup section */
		1CAAA21B196621F800A053C7 /* information */ = {
			isa = PBXGroup;
			children = (
				1CAAA21C1966222C00A053C7 /* AppInfo.storyboard */,
				1CAAA21E1966224300A053C7 /* AppInformationViewController.h */,
				1CAAA21F1966224300A053C7 /* AppInformationViewController.m */,
				1CAAA2211966225900A053C7 /* OpenSourceLicenseViewController.h */,
				1CAAA2221966225900A053C7 /* OpenSourceLicenseViewController.m */,
				1CAAA2241966252400A053C7 /* license.html */,
				1CAAA2261966261300A053C7 /* kjcodeInfo.html */,
			);
			path = information;
			sourceTree = "<group>";
		};
		1CB7F8B01965691B002446CB /* tutorial */ = {
			isa = PBXGroup;
			children = (
				1CB7F8B119656935002446CB /* Tutorial.storyboard */,
				1CB7F8B319656952002446CB /* TutorialViewController.h */,
				1CB7F8B419656952002446CB /* TutorialViewController.m */,
			);
			path = tutorial;
			sourceTree = "<group>";
		};
		3B340F3818DD98CC008F6E1E /* utils */ = {
			isa = PBXGroup;
			children = (
				3B65970F191759F00075AB24 /* NSDate+Helper.h */,
				3B659710191759F00075AB24 /* NSDate+Helper.m */,
				3B782546195EC69E003D408D /* UIColor+Helper.h */,
				3B782547195EC69E003D408D /* UIColor+Helper.m */,
				3B6AFEDC18E6857100501C94 /* Util.h */,
				3B6AFEDD18E6857100501C94 /* Util.m */,
				1CB3063D196F845600D8BF54 /* NSError+Common.h */,
				1CB3063E196F845600D8BF54 /* NSError+Common.m */,
			);
			path = utils;
			sourceTree = "<group>";
		};
		3B340F3918DD99D4008F6E1E /* menu */ = {
			isa = PBXGroup;
			children = (
				3B340F3A18DD99EF008F6E1E /* Menu.storyboard */,
				3B340F3C18DD99FE008F6E1E /* MenuViewController.h */,
				3B340F3D18DD99FE008F6E1E /* MenuViewController.m */,
				3B659715191767D30075AB24 /* LeftTableViewCell.h */,
				3B659716191767D30075AB24 /* LeftTableViewCell.m */,
				3B659718191767E40075AB24 /* RightTableViewCell.h */,
				3B659719191767E40075AB24 /* RightTableViewCell.m */,
				3B65970C19174FAE0075AB24 /* MonthWorkingTableViewController.h */,
				3B65970D19174FAE0075AB24 /* MonthWorkingTableViewController.m */,
				3B659722191780FA0075AB24 /* EditTimeTableViewCell.h */,
				3B659723191780FA0075AB24 /* EditTimeTableViewCell.m */,
				3B659725191781170075AB24 /* SwitchButtonTableViewCell.h */,
				3B659726191781170075AB24 /* SwitchButtonTableViewCell.m */,
				3B65971E19177F250075AB24 /* MonthWorkingTableEditViewController.h */,
				3B65971F19177F250075AB24 /* MonthWorkingTableEditViewController.m */,
				3D1F5B2419637DDB003D9C25 /* LeftTableViewData.h */,
				3D1F5B2519637DDB003D9C25 /* LeftTableViewData.m */,
				3DD9C5FA19641F7500F4B8C5 /* RightTableViewData.h */,
				3DD9C5FB19641F7500F4B8C5 /* RightTableViewData.m */,
				1CA38F91196AE59A00E4AD9E /* BorderLabel.h */,
				1CA38F92196AE59A00E4AD9E /* BorderLabel.m */,
			);
			path = menu;
			sourceTree = "<group>";
		};
		3B469F8F18B89D3A0095C418 = {
			isa = PBXGroup;
			children = (
				3B469FA118B89D3A0095C418 /* Hakenman */,
				3B469FC018B89D3A0095C418 /* HakenmanTests */,
				3B469F9A18B89D3A0095C418 /* Frameworks */,
				3B469F9918B89D3A0095C418 /* Products */,
				532CC838725D4E49AAEC195A /* Pods.xcconfig */,
			);
			sourceTree = "<group>";
		};
		3B469F9918B89D3A0095C418 /* Products */ = {
			isa = PBXGroup;
			children = (
				3B469F9818B89D3A0095C418 /* Hakenman.app */,
				3B469FB918B89D3A0095C418 /* HakenmanTests.xctest */,
			);
			name = Products;
			sourceTree = "<group>";
		};
		3B469F9A18B89D3A0095C418 /* Frameworks */ = {
			isa = PBXGroup;
			children = (
				1CBFDAA719793374001A51D5 /* SenTestingKit.framework */,
				1CA7EF981967F1BD001772C9 /* QuartzCore.framework */,
				1CF2D6FA1964D1240062B0C1 /* MessageUI.framework */,
				3B469FE718B8B0420095C418 /* CoreData.framework */,
				3B469F9B18B89D3A0095C418 /* Foundation.framework */,
				3B469F9D18B89D3A0095C418 /* CoreGraphics.framework */,
				3B469F9F18B89D3A0095C418 /* UIKit.framework */,
				3B469FBA18B89D3A0095C418 /* XCTest.framework */,
				F572CE3580F6449BBEA9BF3B /* libPods.a */,
			);
			name = Frameworks;
			sourceTree = "<group>";
		};
		3B469FA118B89D3A0095C418 /* Hakenman */ = {
			isa = PBXGroup;
			children = (
				3B8FA71618DDEFB900A1182E /* const.h */,
				3B469FAA18B89D3A0095C418 /* AppDelegate.h */,
				3B469FAB18B89D3A0095C418 /* AppDelegate.m */,
				3B6AFEEE18E69DF800501C94 /* dummy */,
				3B9CEA1A18DD44F9000E4FF3 /* dao */,
				3B469FD018B8AB3E0095C418 /* model */,
				3BC0E3B418DD72CE0062B07A /* screen */,
				3B340F3818DD98CC008F6E1E /* utils */,
				3B469FB318B89D3A0095C418 /* Images.xcassets */,
				3B469FA218B89D3A0095C418 /* Supporting Files */,
			);
			path = Hakenman;
			sourceTree = "<group>";
		};
		3B469FA218B89D3A0095C418 /* Supporting Files */ = {
			isa = PBXGroup;
			children = (
				3B469FA318B89D3A0095C418 /* Hakenman-Info.plist */,
				3B469FA418B89D3A0095C418 /* InfoPlist.strings */,
				3B469FA718B89D3A0095C418 /* main.m */,
				3B469FA918B89D3A0095C418 /* Hakenman-Prefix.pch */,
				3B8FA71D18DDF17D00A1182E /* Localizable.strings */,
			);
			name = "Supporting Files";
			sourceTree = "<group>";
		};
		3B469FC018B89D3A0095C418 /* HakenmanTests */ = {
			isa = PBXGroup;
			children = (
				3B469FC618B89D3A0095C418 /* HakenmanTests.m */,
				3B469FC118B89D3A0095C418 /* Supporting Files */,
			);
			path = HakenmanTests;
			sourceTree = "<group>";
		};
		3B469FC118B89D3A0095C418 /* Supporting Files */ = {
			isa = PBXGroup;
			children = (
				3B469FC218B89D3A0095C418 /* HakenmanTests-Info.plist */,
				3B469FC318B89D3A0095C418 /* InfoPlist.strings */,
			);
			name = "Supporting Files";
			sourceTree = "<group>";
		};
		3B469FD018B8AB3E0095C418 /* model */ = {
			isa = PBXGroup;
			children = (
				3B469FD118B8AB740095C418 /* hakenModel.xcdatamodeld */,
				3B8CB23D1942EDD900CD922E /* FileData.h */,
				3B8CB23E1942EDD900CD922E /* FileData.m */,
				3B8CB2431942EDD900CD922E /* SiteInfo.h */,
				3B8CB2441942EDD900CD922E /* SiteInfo.m */,
				3B8CB2401942EDD900CD922E /* MailContent.h */,
				3B8CB2411942EDD900CD922E /* MailContent.m */,
				3B6CC8AD195D4A8D00F64041 /* TimeCard.h */,
				3B6CC8AE195D4A8D00F64041 /* TimeCard.m */,
				3B6CC8B0195D4A8D00F64041 /* TimeCardSummary.h */,
				3B6CC8B1195D4A8D00F64041 /* TimeCardSummary.m */,
			);
			path = model;
			sourceTree = "<group>";
		};
		3B6AFEEE18E69DF800501C94 /* dummy */ = {
			isa = PBXGroup;
			children = (
			);
			path = dummy;
			sourceTree = "<group>";
		};
		3B9CEA1A18DD44F9000E4FF3 /* dao */ = {
			isa = PBXGroup;
			children = (
				3B9CEA1B18DD4521000E4FF3 /* DBManager.h */,
				3B9CEA1C18DD4521000E4FF3 /* DBManager.m */,
				3B9CEA2418DD690C000E4FF3 /* ModelDao.h */,
				3B9CEA2518DD690C000E4FF3 /* ModelDao.m */,
				3B9CEA1E18DD458F000E4FF3 /* TimeCardDao.h */,
				3B9CEA1F18DD458F000E4FF3 /* TimeCardDao.m */,
				3B8CB253194315DB00CD922E /* TimeCardSummaryDao.h */,
				3B8CB254194315DB00CD922E /* TimeCardSummaryDao.m */,
				3B6AFEDF18E6874200501C94 /* FileDataDao.h */,
				3B6AFEE018E6874200501C94 /* FileDataDao.m */,
				3B6AFEE818E69C6300501C94 /* MailContentsDao.h */,
				3B6AFEE918E69C6300501C94 /* MailContentsDao.m */,
			);
			path = dao;
			sourceTree = "<group>";
		};
		3BC0E3B418DD72CE0062B07A /* screen */ = {
			isa = PBXGroup;
			children = (
				1CAAA21B196621F800A053C7 /* information */,
				1CB7F8B01965691B002446CB /* tutorial */,
				3BC0E3CB18DD75310062B07A /* KJViewController.h */,
				3BC0E3CC18DD75310062B07A /* KJViewController.m */,
				3B6CC8B6195D5D1200F64041 /* StoryboardUtil.h */,
				3B6CC8B7195D5D1200F64041 /* StoryboardUtil.m */,
				3BC0E3D418DD75FD0062B07A /* top */,
				3BC0E3B618DD72CE0062B07A /* setting */,
				3B340F3918DD99D4008F6E1E /* menu */,
			);
			path = screen;
			sourceTree = "<group>";
		};
		3BC0E3B618DD72CE0062B07A /* setting */ = {
			isa = PBXGroup;
			children = (
				3B8FA72118DDF59400A1182E /* NSUserDefaults+Setting.h */,
				3B8FA72218DDF59400A1182E /* NSUserDefaults+Setting.m */,
				3BC0E3C318DD737C0062B07A /* Setting.storyboard */,
				3BC0E3C818DD74D80062B07A /* SettingViewController.h */,
				3BC0E3C918DD74D80062B07A /* SettingViewController.m */,
			);
			path = setting;
			sourceTree = "<group>";
		};
		3BC0E3D418DD75FD0062B07A /* top */ = {
			isa = PBXGroup;
			children = (
				3B23F21218E6C48B00518106 /* LineGraphView.h */,
				3B23F21318E6C48B00518106 /* LineGraphView.m */,
				3BC0E3DB18DD75FD0062B07A /* TopViewController.h */,
				3BC0E3DC18DD75FD0062B07A /* TopViewController.m */,
				3BC0E3E118DD76460062B07A /* Top.storyboard */,
				3B8CB24D1942EFC200CD922E /* TodayTableViewCell.h */,
				3B8CB24E1942EFC200CD922E /* TodayTableViewCell.m */,
				3B8CB2501942EFDC00CD922E /* MonthTableViewCell.h */,
				3B8CB2511942EFDC00CD922E /* MonthTableViewCell.m */,
			);
			path = top;
			sourceTree = "<group>";
		};
/* End PBXGroup section */

/* Begin PBXNativeTarget section */
		3B469F9718B89D3A0095C418 /* Hakenman */ = {
			isa = PBXNativeTarget;
			buildConfigurationList = 3B469FCA18B89D3A0095C418 /* Build configuration list for PBXNativeTarget "Hakenman" */;
			buildPhases = (
				76DCA8054B724053AE1ACDAA /* Check Pods Manifest.lock */,
				3B469F9418B89D3A0095C418 /* Sources */,
				3B469F9518B89D3A0095C418 /* Frameworks */,
				3B469F9618B89D3A0095C418 /* Resources */,
				E4FFF997B8BF4FFBB8FED2AB /* Copy Pods Resources */,
			);
			buildRules = (
			);
			dependencies = (
			);
			name = Hakenman;
			productName = Hakenman;
			productReference = 3B469F9818B89D3A0095C418 /* Hakenman.app */;
			productType = "com.apple.product-type.application";
		};
		3B469FB818B89D3A0095C418 /* HakenmanTests */ = {
			isa = PBXNativeTarget;
			buildConfigurationList = 3B469FCD18B89D3A0095C418 /* Build configuration list for PBXNativeTarget "HakenmanTests" */;
			buildPhases = (
				3B469FB518B89D3A0095C418 /* Sources */,
				3B469FB618B89D3A0095C418 /* Frameworks */,
				3B469FB718B89D3A0095C418 /* Resources */,
			);
			buildRules = (
			);
			dependencies = (
				3B469FBF18B89D3A0095C418 /* PBXTargetDependency */,
			);
			name = HakenmanTests;
			productName = HakenmanTests;
			productReference = 3B469FB918B89D3A0095C418 /* HakenmanTests.xctest */;
			productType = "com.apple.product-type.bundle.unit-test";
		};
/* End PBXNativeTarget section */

/* Begin PBXProject section */
		3B469F9018B89D3A0095C418 /* Project object */ = {
			isa = PBXProject;
			attributes = {
				LastUpgradeCheck = 0510;
				ORGANIZATIONNAME = kjcode;
				TargetAttributes = {
					3B469F9718B89D3A0095C418 = {
						DevelopmentTeam = Y8RKPBJ3Y3;
					};
					3B469FB818B89D3A0095C418 = {
						TestTargetID = 3B469F9718B89D3A0095C418;
					};
				};
			};
			buildConfigurationList = 3B469F9318B89D3A0095C418 /* Build configuration list for PBXProject "Hakenman" */;
			compatibilityVersion = "Xcode 3.2";
			developmentRegion = English;
			hasScannedForEncodings = 0;
			knownRegions = (
				en,
				Base,
				ja,
				ko,
			);
			mainGroup = 3B469F8F18B89D3A0095C418;
			productRefGroup = 3B469F9918B89D3A0095C418 /* Products */;
			projectDirPath = "";
			projectRoot = "";
			targets = (
				3B469F9718B89D3A0095C418 /* Hakenman */,
				3B469FB818B89D3A0095C418 /* HakenmanTests */,
			);
		};
/* End PBXProject section */

/* Begin PBXResourcesBuildPhase section */
		3B469F9618B89D3A0095C418 /* Resources */ = {
			isa = PBXResourcesBuildPhase;
			buildActionMask = 2147483647;
			files = (
				3B469FB418B89D3A0095C418 /* Images.xcassets in Resources */,
				1CB7F8B219656935002446CB /* Tutorial.storyboard in Resources */,
				3BC0E3E218DD76460062B07A /* Top.storyboard in Resources */,
				1CAAA2251966252400A053C7 /* license.html in Resources */,
				3B340F3B18DD99EF008F6E1E /* Menu.storyboard in Resources */,
				3B469FA618B89D3A0095C418 /* InfoPlist.strings in Resources */,
				3B8FA71F18DDF17D00A1182E /* Localizable.strings in Resources */,
				1CAAA21D1966222C00A053C7 /* AppInfo.storyboard in Resources */,
				1CAAA2271966261300A053C7 /* kjcodeInfo.html in Resources */,
				3BC0E3C418DD737C0062B07A /* Setting.storyboard in Resources */,
			);
			runOnlyForDeploymentPostprocessing = 0;
		};
		3B469FB718B89D3A0095C418 /* Resources */ = {
			isa = PBXResourcesBuildPhase;
			buildActionMask = 2147483647;
			files = (
				3B469FC518B89D3A0095C418 /* InfoPlist.strings in Resources */,
			);
			runOnlyForDeploymentPostprocessing = 0;
		};
/* End PBXResourcesBuildPhase section */

/* Begin PBXShellScriptBuildPhase section */
		76DCA8054B724053AE1ACDAA /* Check Pods Manifest.lock */ = {
			isa = PBXShellScriptBuildPhase;
			buildActionMask = 2147483647;
			files = (
			);
			inputPaths = (
			);
			name = "Check Pods Manifest.lock";
			outputPaths = (
			);
			runOnlyForDeploymentPostprocessing = 0;
			shellPath = /bin/sh;
			shellScript = "diff \"${PODS_ROOT}/../Podfile.lock\" \"${PODS_ROOT}/Manifest.lock\" > /dev/null\nif [[ $? != 0 ]] ; then\n    cat << EOM\nerror: The sandbox is not in sync with the Podfile.lock. Run 'pod install' or update your CocoaPods installation.\nEOM\n    exit 1\nfi\n";
			showEnvVarsInLog = 0;
		};
		E4FFF997B8BF4FFBB8FED2AB /* Copy Pods Resources */ = {
			isa = PBXShellScriptBuildPhase;
			buildActionMask = 2147483647;
			files = (
			);
			inputPaths = (
			);
			name = "Copy Pods Resources";
			outputPaths = (
			);
			runOnlyForDeploymentPostprocessing = 0;
			shellPath = /bin/sh;
			shellScript = "\"${SRCROOT}/Pods/Pods-resources.sh\"\n";
			showEnvVarsInLog = 0;
		};
/* End PBXShellScriptBuildPhase section */

/* Begin PBXSourcesBuildPhase section */
		3B469F9418B89D3A0095C418 /* Sources */ = {
			isa = PBXSourcesBuildPhase;
			buildActionMask = 2147483647;
			files = (
				1CA38F93196AE59A00E4AD9E /* BorderLabel.m in Sources */,
				3B9CEA2618DD690C000E4FF3 /* ModelDao.m in Sources */,
				1CB7F8B519656952002446CB /* TutorialViewController.m in Sources */,
				3B8CB2451942EDD900CD922E /* SiteInfo.m in Sources */,
				3B65972019177F250075AB24 /* MonthWorkingTableEditViewController.m in Sources */,
				3BC0E3CA18DD74D80062B07A /* SettingViewController.m in Sources */,
				3B6AFEDE18E6857100501C94 /* Util.m in Sources */,
				3B340F3E18DD99FE008F6E1E /* MenuViewController.m in Sources */,
				3DD9C5FC19641F7500F4B8C5 /* RightTableViewData.m in Sources */,
				3B65970E19174FAF0075AB24 /* MonthWorkingTableViewController.m in Sources */,
				3BC0E3CD18DD75310062B07A /* KJViewController.m in Sources */,
				3B8CB23F1942EDD900CD922E /* FileData.m in Sources */,
				3B659724191780FA0075AB24 /* EditTimeTableViewCell.m in Sources */,
				3B9CEA1D18DD4521000E4FF3 /* DBManager.m in Sources */,
				3B23F21418E6C48B00518106 /* LineGraphView.m in Sources */,
				3B65971A191767E40075AB24 /* RightTableViewCell.m in Sources */,
				3B469FAC18B89D3A0095C418 /* AppDelegate.m in Sources */,
				3B659711191759F00075AB24 /* NSDate+Helper.m in Sources */,
				3B469FA818B89D3A0095C418 /* main.m in Sources */,
				3B659717191767D30075AB24 /* LeftTableViewCell.m in Sources */,
				3B6CC8B8195D5D1200F64041 /* StoryboardUtil.m in Sources */,
				3B469FD318B8AB740095C418 /* hakenModel.xcdatamodeld in Sources */,
				1CAAA2201966224300A053C7 /* AppInformationViewController.m in Sources */,
				1CB3063F196F845600D8BF54 /* NSError+Common.m in Sources */,
				3B8CB24F1942EFC200CD922E /* TodayTableViewCell.m in Sources */,
				1CAAA2231966225900A053C7 /* OpenSourceLicenseViewController.m in Sources */,
				3B6CC8B2195D4A8D00F64041 /* TimeCardSummary.m in Sources */,
				3B6AFEE118E6874200501C94 /* FileDataDao.m in Sources */,
				3B8CB2521942EFDC00CD922E /* MonthTableViewCell.m in Sources */,
				3D1F5B2619637DDB003D9C25 /* LeftTableViewData.m in Sources */,
				3B6CC8AF195D4A8D00F64041 /* TimeCard.m in Sources */,
				3B8FA72318DDF59400A1182E /* NSUserDefaults+Setting.m in Sources */,
				3B782548195EC69E003D408D /* UIColor+Helper.m in Sources */,
				3B8CB2421942EDD900CD922E /* MailContent.m in Sources */,
				3B6AFEEA18E69C6300501C94 /* MailContentsDao.m in Sources */,
				3BC0E3E018DD75FD0062B07A /* TopViewController.m in Sources */,
				3B9CEA2018DD458F000E4FF3 /* TimeCardDao.m in Sources */,
				3B8CB255194315DB00CD922E /* TimeCardSummaryDao.m in Sources */,
				3B659727191781170075AB24 /* SwitchButtonTableViewCell.m in Sources */,
			);
			runOnlyForDeploymentPostprocessing = 0;
		};
		3B469FB518B89D3A0095C418 /* Sources */ = {
			isa = PBXSourcesBuildPhase;
			buildActionMask = 2147483647;
			files = (
				3B469FC718B89D3A0095C418 /* HakenmanTests.m in Sources */,
			);
			runOnlyForDeploymentPostprocessing = 0;
		};
/* End PBXSourcesBuildPhase section */

/* Begin PBXTargetDependency section */
		3B469FBF18B89D3A0095C418 /* PBXTargetDependency */ = {
			isa = PBXTargetDependency;
			target = 3B469F9718B89D3A0095C418 /* Hakenman */;
			targetProxy = 3B469FBE18B89D3A0095C418 /* PBXContainerItemProxy */;
		};
/* End PBXTargetDependency section */

/* Begin PBXVariantGroup section */
		3B469FA418B89D3A0095C418 /* InfoPlist.strings */ = {
			isa = PBXVariantGroup;
			children = (
				3B469FA518B89D3A0095C418 /* en */,
				3B8FA71718DDF0D100A1182E /* ja */,
				3D2980671987B66900018BAD /* ko */,
			);
			name = InfoPlist.strings;
			sourceTree = "<group>";
		};
		3B469FC318B89D3A0095C418 /* InfoPlist.strings */ = {
			isa = PBXVariantGroup;
			children = (
				3B469FC418B89D3A0095C418 /* en */,
				3B8FA71818DDF0D200A1182E /* ja */,
				3D2980691987B66900018BAD /* ko */,
			);
			name = InfoPlist.strings;
			sourceTree = "<group>";
		};
		3B8FA71D18DDF17D00A1182E /* Localizable.strings */ = {
			isa = PBXVariantGroup;
			children = (
				3B8FA71E18DDF17D00A1182E /* en */,
				3B8FA72018DDF18100A1182E /* ja */,
				3D2980681987B66900018BAD /* ko */,
			);
			name = Localizable.strings;
			sourceTree = "<group>";
		};
/* End PBXVariantGroup section */

/* Begin XCBuildConfiguration section */
		3B469FC818B89D3A0095C418 /* Debug */ = {
			isa = XCBuildConfiguration;
			buildSettings = {
				ALWAYS_SEARCH_USER_PATHS = NO;
				CLANG_CXX_LANGUAGE_STANDARD = "gnu++0x";
				CLANG_CXX_LIBRARY = "libc++";
				CLANG_ENABLE_MODULES = YES;
				CLANG_ENABLE_OBJC_ARC = YES;
				CLANG_WARN_BOOL_CONVERSION = YES;
				CLANG_WARN_CONSTANT_CONVERSION = YES;
				CLANG_WARN_DIRECT_OBJC_ISA_USAGE = YES_ERROR;
				CLANG_WARN_EMPTY_BODY = YES;
				CLANG_WARN_ENUM_CONVERSION = YES;
				CLANG_WARN_INT_CONVERSION = YES;
				CLANG_WARN_OBJC_ROOT_CLASS = YES_ERROR;
				CLANG_WARN__DUPLICATE_METHOD_MATCH = YES;
				"CODE_SIGN_IDENTITY[sdk=iphoneos*]" = "iPhone Developer";
				COPY_PHASE_STRIP = NO;
				GCC_C_LANGUAGE_STANDARD = gnu99;
				GCC_DYNAMIC_NO_PIC = NO;
				GCC_OPTIMIZATION_LEVEL = 0;
				GCC_PREPROCESSOR_DEFINITIONS = (
					"DEBUG=1",
					"$(inherited)",
				);
				GCC_SYMBOLS_PRIVATE_EXTERN = NO;
				GCC_WARN_64_TO_32_BIT_CONVERSION = YES;
				GCC_WARN_ABOUT_RETURN_TYPE = YES_ERROR;
				GCC_WARN_UNDECLARED_SELECTOR = YES;
				GCC_WARN_UNINITIALIZED_AUTOS = YES;
				GCC_WARN_UNUSED_FUNCTION = YES;
				GCC_WARN_UNUSED_VARIABLE = YES;
				IPHONEOS_DEPLOYMENT_TARGET = 7.0;
				ONLY_ACTIVE_ARCH = YES;
				SDKROOT = iphoneos;
			};
			name = Debug;
		};
		3B469FC918B89D3A0095C418 /* Release */ = {
			isa = XCBuildConfiguration;
			buildSettings = {
				ALWAYS_SEARCH_USER_PATHS = NO;
				CLANG_CXX_LANGUAGE_STANDARD = "gnu++0x";
				CLANG_CXX_LIBRARY = "libc++";
				CLANG_ENABLE_MODULES = YES;
				CLANG_ENABLE_OBJC_ARC = YES;
				CLANG_WARN_BOOL_CONVERSION = YES;
				CLANG_WARN_CONSTANT_CONVERSION = YES;
				CLANG_WARN_DIRECT_OBJC_ISA_USAGE = YES_ERROR;
				CLANG_WARN_EMPTY_BODY = YES;
				CLANG_WARN_ENUM_CONVERSION = YES;
				CLANG_WARN_INT_CONVERSION = YES;
				CLANG_WARN_OBJC_ROOT_CLASS = YES_ERROR;
				CLANG_WARN__DUPLICATE_METHOD_MATCH = YES;
				"CODE_SIGN_IDENTITY[sdk=iphoneos*]" = "iPhone Developer";
				COPY_PHASE_STRIP = YES;
				ENABLE_NS_ASSERTIONS = NO;
				GCC_C_LANGUAGE_STANDARD = gnu99;
				GCC_WARN_64_TO_32_BIT_CONVERSION = YES;
				GCC_WARN_ABOUT_RETURN_TYPE = YES_ERROR;
				GCC_WARN_UNDECLARED_SELECTOR = YES;
				GCC_WARN_UNINITIALIZED_AUTOS = YES;
				GCC_WARN_UNUSED_FUNCTION = YES;
				GCC_WARN_UNUSED_VARIABLE = YES;
				IPHONEOS_DEPLOYMENT_TARGET = 7.0;
				SDKROOT = iphoneos;
				VALIDATE_PRODUCT = YES;
			};
			name = Release;
		};
		3B469FCB18B89D3A0095C418 /* Debug */ = {
			isa = XCBuildConfiguration;
			baseConfigurationReference = 532CC838725D4E49AAEC195A /* Pods.xcconfig */;
			buildSettings = {
				ARCHS = armv7;
				ASSETCATALOG_COMPILER_APPICON_NAME = AppIcon;
				ASSETCATALOG_COMPILER_LAUNCHIMAGE_NAME = LaunchImage;
				CODE_SIGN_IDENTITY = "";
				"CODE_SIGN_IDENTITY[sdk=iphoneos*]" = "";
				FRAMEWORK_SEARCH_PATHS = (
					"$(inherited)",
					"$(DEVELOPER_FRAMEWORKS_DIR)",
				);
				GCC_PRECOMPILE_PREFIX_HEADER = YES;
				GCC_PREFIX_HEADER = "Hakenman/Hakenman-Prefix.pch";
				INFOPLIST_FILE = "Hakenman/Hakenman-Info.plist";
				PRODUCT_NAME = "$(TARGET_NAME)";
				PROVISIONING_PROFILE = "45E78B02-ABE7-4ED8-9D19-354B3B1CB585";
				WRAPPER_EXTENSION = app;
			};
			name = Debug;
		};
		3B469FCC18B89D3A0095C418 /* Release */ = {
			isa = XCBuildConfiguration;
			baseConfigurationReference = 532CC838725D4E49AAEC195A /* Pods.xcconfig */;
			buildSettings = {
				ARCHS = armv7;
				ASSETCATALOG_COMPILER_APPICON_NAME = AppIcon;
				ASSETCATALOG_COMPILER_LAUNCHIMAGE_NAME = LaunchImage;
				CODE_SIGN_IDENTITY = "";
				"CODE_SIGN_IDENTITY[sdk=iphoneos*]" = "";
				FRAMEWORK_SEARCH_PATHS = (
					"$(inherited)",
					"$(DEVELOPER_FRAMEWORKS_DIR)",
				);
				GCC_PRECOMPILE_PREFIX_HEADER = YES;
				GCC_PREFIX_HEADER = "Hakenman/Hakenman-Prefix.pch";
				INFOPLIST_FILE = "Hakenman/Hakenman-Info.plist";
				PRODUCT_NAME = "$(TARGET_NAME)";
				PROVISIONING_PROFILE = "45E78B02-ABE7-4ED8-9D19-354B3B1CB585";
				WRAPPER_EXTENSION = app;
			};
			name = Release;
		};
		3B469FCE18B89D3A0095C418 /* Debug */ = {
			isa = XCBuildConfiguration;
			buildSettings = {
				BUNDLE_LOADER = "$(BUILT_PRODUCTS_DIR)/Hakenman.app/Hakenman";
				FRAMEWORK_SEARCH_PATHS = (
					"$(SDKROOT)/Developer/Library/Frameworks",
					"$(inherited)",
					"$(DEVELOPER_FRAMEWORKS_DIR)",
				);
				GCC_PRECOMPILE_PREFIX_HEADER = YES;
				GCC_PREFIX_HEADER = "Hakenman/Hakenman-Prefix.pch";
				GCC_PREPROCESSOR_DEFINITIONS = (
					"DEBUG=1",
					"$(inherited)",
				);
				INFOPLIST_FILE = "HakenmanTests/HakenmanTests-Info.plist";
				PRODUCT_NAME = "$(TARGET_NAME)";
				TEST_HOST = "$(BUNDLE_LOADER)";
				WRAPPER_EXTENSION = xctest;
			};
			name = Debug;
		};
		3B469FCF18B89D3A0095C418 /* Release */ = {
			isa = XCBuildConfiguration;
			buildSettings = {
				BUNDLE_LOADER = "$(BUILT_PRODUCTS_DIR)/Hakenman.app/Hakenman";
				FRAMEWORK_SEARCH_PATHS = (
					"$(SDKROOT)/Developer/Library/Frameworks",
					"$(inherited)",
					"$(DEVELOPER_FRAMEWORKS_DIR)",
				);
				GCC_PRECOMPILE_PREFIX_HEADER = YES;
				GCC_PREFIX_HEADER = "Hakenman/Hakenman-Prefix.pch";
				INFOPLIST_FILE = "HakenmanTests/HakenmanTests-Info.plist";
				PRODUCT_NAME = "$(TARGET_NAME)";
				TEST_HOST = "$(BUNDLE_LOADER)";
				WRAPPER_EXTENSION = xctest;
			};
			name = Release;
		};
/* End XCBuildConfiguration section */

/* Begin XCConfigurationList section */
		3B469F9318B89D3A0095C418 /* Build configuration list for PBXProject "Hakenman" */ = {
			isa = XCConfigurationList;
			buildConfigurations = (
				3B469FC818B89D3A0095C418 /* Debug */,
				3B469FC918B89D3A0095C418 /* Release */,
			);
			defaultConfigurationIsVisible = 0;
			defaultConfigurationName = Release;
		};
		3B469FCA18B89D3A0095C418 /* Build configuration list for PBXNativeTarget "Hakenman" */ = {
			isa = XCConfigurationList;
			buildConfigurations = (
				3B469FCB18B89D3A0095C418 /* Debug */,
				3B469FCC18B89D3A0095C418 /* Release */,
			);
			defaultConfigurationIsVisible = 0;
			defaultConfigurationName = Release;
		};
		3B469FCD18B89D3A0095C418 /* Build configuration list for PBXNativeTarget "HakenmanTests" */ = {
			isa = XCConfigurationList;
			buildConfigurations = (
				3B469FCE18B89D3A0095C418 /* Debug */,
				3B469FCF18B89D3A0095C418 /* Release */,
			);
			defaultConfigurationIsVisible = 0;
			defaultConfigurationName = Release;
		};
/* End XCConfigurationList section */

/* Begin XCVersionGroup section */
		3B469FD118B8AB740095C418 /* hakenModel.xcdatamodeld */ = {
			isa = XCVersionGroup;
			children = (
				3B469FD218B8AB740095C418 /* hakenModel.xcdatamodel */,
			);
			currentVersion = 3B469FD218B8AB740095C418 /* hakenModel.xcdatamodel */;
			path = hakenModel.xcdatamodeld;
			sourceTree = "<group>";
			versionGroupType = wrapper.xcdatamodel;
		};
/* End XCVersionGroup section */
	};
	rootObject = 3B469F9018B89D3A0095C418 /* Project object */;
}
