// !$*UTF8*$!
{
	archiveVersion = 1;
	classes = {
	};
	objectVersion = 46;
	objects = {

/* Begin PBXBuildFile section */
		1C22AEFD19C1D6FA004196EC /* Parse.framework in Frameworks */ = {isa = PBXBuildFile; fileRef = 1C22AEFA19C1D6FA004196EC /* Parse.framework */; };
		1C22AF0019C1D74A004196EC /* AudioToolbox.framework in Frameworks */ = {isa = PBXBuildFile; fileRef = 1C22AEFF19C1D74A004196EC /* AudioToolbox.framework */; };
		1C22AF0219C1D755004196EC /* CFNetwork.framework in Frameworks */ = {isa = PBXBuildFile; fileRef = 1C22AF0119C1D755004196EC /* CFNetwork.framework */; };
		1C22AF0419C1D764004196EC /* CoreLocation.framework in Frameworks */ = {isa = PBXBuildFile; fileRef = 1C22AF0319C1D763004196EC /* CoreLocation.framework */; };
		1C22AF0619C1D779004196EC /* libz.dylib in Frameworks */ = {isa = PBXBuildFile; fileRef = 1C22AF0519C1D779004196EC /* libz.dylib */; };
		1C22AF0819C1D783004196EC /* MobileCoreServices.framework in Frameworks */ = {isa = PBXBuildFile; fileRef = 1C22AF0719C1D783004196EC /* MobileCoreServices.framework */; };
		1C22AF0A19C1D790004196EC /* Security.framework in Frameworks */ = {isa = PBXBuildFile; fileRef = 1C22AF0919C1D790004196EC /* Security.framework */; };
		1C22AF0E19C1D7A9004196EC /* SystemConfiguration.framework in Frameworks */ = {isa = PBXBuildFile; fileRef = 1C22AF0D19C1D7A9004196EC /* SystemConfiguration.framework */; };
		1C3442F01A0F439800367BF4 /* StoreKit.framework in Frameworks */ = {isa = PBXBuildFile; fileRef = 1C3442EF1A0F439800367BF4 /* StoreKit.framework */; };
		1C3442F31A0F43C100367BF4 /* KJStoreProductViewController.m in Sources */ = {isa = PBXBuildFile; fileRef = 1C3442F21A0F43C100367BF4 /* KJStoreProductViewController.m */; };
		1C8A759C1A944D6200852CFE /* HistoryEditViewController.m in Sources */ = {isa = PBXBuildFile; fileRef = 1C8A759B1A944D6200852CFE /* HistoryEditViewController.m */; };
		1C8A75A81A9451FC00852CFE /* MonthWorkingCalendarViewController.m in Sources */ = {isa = PBXBuildFile; fileRef = 1C8A75A11A9451FC00852CFE /* MonthWorkingCalendarViewController.m */; };
		1C8A75A91A9451FC00852CFE /* RDVCalendarView+Extension.m in Sources */ = {isa = PBXBuildFile; fileRef = 1C8A75A31A9451FC00852CFE /* RDVCalendarView+Extension.m */; };
		1C8A75AA1A9451FC00852CFE /* WorkingCalendarView.m in Sources */ = {isa = PBXBuildFile; fileRef = 1C8A75A51A9451FC00852CFE /* WorkingCalendarView.m */; };
		1C8A75AB1A9451FC00852CFE /* WorkingDayCell.m in Sources */ = {isa = PBXBuildFile; fileRef = 1C8A75A71A9451FC00852CFE /* WorkingDayCell.m */; };
		1C8A75AE1A94528300852CFE /* BorderLabel.m in Sources */ = {isa = PBXBuildFile; fileRef = 1C8A75AD1A94528300852CFE /* BorderLabel.m */; };
		1C8A75B31A94529200852CFE /* EditTimeTableViewCell.m in Sources */ = {isa = PBXBuildFile; fileRef = 1C8A75B01A94529200852CFE /* EditTimeTableViewCell.m */; };
		1C8A75B41A94529200852CFE /* SwitchButtonTableViewCell.m in Sources */ = {isa = PBXBuildFile; fileRef = 1C8A75B21A94529200852CFE /* SwitchButtonTableViewCell.m */; };
		1C8A75BF1A9452AE00852CFE /* LeftTableViewCell.m in Sources */ = {isa = PBXBuildFile; fileRef = 1C8A75B61A9452AE00852CFE /* LeftTableViewCell.m */; };
		1C8A75C01A9452AE00852CFE /* LeftTableViewData.m in Sources */ = {isa = PBXBuildFile; fileRef = 1C8A75B81A9452AE00852CFE /* LeftTableViewData.m */; };
		1C8A75C11A9452AE00852CFE /* MonthWorkingTableViewController.m in Sources */ = {isa = PBXBuildFile; fileRef = 1C8A75BA1A9452AE00852CFE /* MonthWorkingTableViewController.m */; };
		1C8A75C21A9452AE00852CFE /* RightTableViewCell.m in Sources */ = {isa = PBXBuildFile; fileRef = 1C8A75BC1A9452AE00852CFE /* RightTableViewCell.m */; };
		1C8A75C31A9452AE00852CFE /* RightTableViewData.m in Sources */ = {isa = PBXBuildFile; fileRef = 1C8A75BE1A9452AE00852CFE /* RightTableViewData.m */; };
		1C8A75C61A9452CC00852CFE /* MonthWorkingTableEditViewController.m in Sources */ = {isa = PBXBuildFile; fileRef = 1C8A75C51A9452CC00852CFE /* MonthWorkingTableEditViewController.m */; };
		1C96439E1A32AB01005452CB /* NanumBarunGothic.ttf in Resources */ = {isa = PBXBuildFile; fileRef = 1C96439C1A32AB00005452CB /* NanumBarunGothic.ttf */; };
		1C96439F1A32AB01005452CB /* NanumBarunGothicBold.ttf in Resources */ = {isa = PBXBuildFile; fileRef = 1C96439D1A32AB00005452CB /* NanumBarunGothicBold.ttf */; };
		1C9643A11A32AB6C005452CB /* NanumBarunGothic.ttf in Resources */ = {isa = PBXBuildFile; fileRef = 1C96439C1A32AB00005452CB /* NanumBarunGothic.ttf */; };
		1C9643A21A32AB6C005452CB /* NanumBarunGothicBold.ttf in Resources */ = {isa = PBXBuildFile; fileRef = 1C96439D1A32AB00005452CB /* NanumBarunGothicBold.ttf */; };
		1C9643A51A32AC1B005452CB /* UIFont+Helper.m in Sources */ = {isa = PBXBuildFile; fileRef = 1C9643A41A32AC1B005452CB /* UIFont+Helper.m */; };
		1C9BAAA919C1E6620076A79C /* Social.framework in Frameworks */ = {isa = PBXBuildFile; fileRef = 1C9BAAA819C1E6620076A79C /* Social.framework */; };
		1C9BAAAB19C1E69C0076A79C /* Bolts.framework in Frameworks */ = {isa = PBXBuildFile; fileRef = 1C9BAAAA19C1E69C0076A79C /* Bolts.framework */; };
		1C9BAAAD19C1E6D30076A79C /* Accounts.framework in Frameworks */ = {isa = PBXBuildFile; fileRef = 1C9BAAAC19C1E6D30076A79C /* Accounts.framework */; };
		1CA7EF991967F1BD001772C9 /* QuartzCore.framework in Frameworks */ = {isa = PBXBuildFile; fileRef = 1CA7EF981967F1BD001772C9 /* QuartzCore.framework */; };
		1CAAA21D1966222C00A053C7 /* AppInfo.storyboard in Resources */ = {isa = PBXBuildFile; fileRef = 1CAAA21C1966222C00A053C7 /* AppInfo.storyboard */; };
		1CAAA2201966224300A053C7 /* AppInformationViewController.m in Sources */ = {isa = PBXBuildFile; fileRef = 1CAAA21F1966224300A053C7 /* AppInformationViewController.m */; };
		1CAAA2231966225900A053C7 /* OpenSourceLicenseViewController.m in Sources */ = {isa = PBXBuildFile; fileRef = 1CAAA2221966225900A053C7 /* OpenSourceLicenseViewController.m */; };
		1CAAA2251966252400A053C7 /* license.html in Resources */ = {isa = PBXBuildFile; fileRef = 1CAAA2241966252400A053C7 /* license.html */; };
		1CAAA2271966261300A053C7 /* kjcodeInfo.html in Resources */ = {isa = PBXBuildFile; fileRef = 1CAAA2261966261300A053C7 /* kjcodeInfo.html */; };
		1CB3063F196F845600D8BF54 /* NSError+Common.m in Sources */ = {isa = PBXBuildFile; fileRef = 1CB3063E196F845600D8BF54 /* NSError+Common.m */; };
		1CB7F8B219656935002446CB /* Tutorial.storyboard in Resources */ = {isa = PBXBuildFile; fileRef = 1CB7F8B119656935002446CB /* Tutorial.storyboard */; };
		1CB7F8B519656952002446CB /* TutorialViewController.m in Sources */ = {isa = PBXBuildFile; fileRef = 1CB7F8B419656952002446CB /* TutorialViewController.m */; };
		1CF2D6FB1964D1240062B0C1 /* MessageUI.framework in Frameworks */ = {isa = PBXBuildFile; fileRef = 1CF2D6FA1964D1240062B0C1 /* MessageUI.framework */; };
		221759D631BC4F348C6890DE /* libPods.a in Frameworks */ = {isa = PBXBuildFile; fileRef = F572CE3580F6449BBEA9BF3B /* libPods.a */; };
		3B23F21418E6C48B00518106 /* LineGraphView.m in Sources */ = {isa = PBXBuildFile; fileRef = 3B23F21318E6C48B00518106 /* LineGraphView.m */; };
		3B340F3B18DD99EF008F6E1E /* Menu.storyboard in Resources */ = {isa = PBXBuildFile; fileRef = 3B340F3A18DD99EF008F6E1E /* Menu.storyboard */; };
		3B340F3E18DD99FE008F6E1E /* MenuViewController.m in Sources */ = {isa = PBXBuildFile; fileRef = 3B340F3D18DD99FE008F6E1E /* MenuViewController.m */; };
		3B469F9C18B89D3A0095C418 /* Foundation.framework in Frameworks */ = {isa = PBXBuildFile; fileRef = 3B469F9B18B89D3A0095C418 /* Foundation.framework */; };
		3B469F9E18B89D3A0095C418 /* CoreGraphics.framework in Frameworks */ = {isa = PBXBuildFile; fileRef = 3B469F9D18B89D3A0095C418 /* CoreGraphics.framework */; };
		3B469FA018B89D3A0095C418 /* UIKit.framework in Frameworks */ = {isa = PBXBuildFile; fileRef = 3B469F9F18B89D3A0095C418 /* UIKit.framework */; };
		3B469FA618B89D3A0095C418 /* InfoPlist.strings in Resources */ = {isa = PBXBuildFile; fileRef = 3B469FA418B89D3A0095C418 /* InfoPlist.strings */; };
		3B469FA818B89D3A0095C418 /* main.m in Sources */ = {isa = PBXBuildFile; fileRef = 3B469FA718B89D3A0095C418 /* main.m */; };
		3B469FAC18B89D3A0095C418 /* AppDelegate.m in Sources */ = {isa = PBXBuildFile; fileRef = 3B469FAB18B89D3A0095C418 /* AppDelegate.m */; };
		3B469FB418B89D3A0095C418 /* Images.xcassets in Resources */ = {isa = PBXBuildFile; fileRef = 3B469FB318B89D3A0095C418 /* Images.xcassets */; };
		3B469FBB18B89D3A0095C418 /* XCTest.framework in Frameworks */ = {isa = PBXBuildFile; fileRef = 3B469FBA18B89D3A0095C418 /* XCTest.framework */; };
		3B469FBC18B89D3A0095C418 /* Foundation.framework in Frameworks */ = {isa = PBXBuildFile; fileRef = 3B469F9B18B89D3A0095C418 /* Foundation.framework */; };
		3B469FBD18B89D3A0095C418 /* UIKit.framework in Frameworks */ = {isa = PBXBuildFile; fileRef = 3B469F9F18B89D3A0095C418 /* UIKit.framework */; };
		3B469FC518B89D3A0095C418 /* InfoPlist.strings in Resources */ = {isa = PBXBuildFile; fileRef = 3B469FC318B89D3A0095C418 /* InfoPlist.strings */; };
		3B469FC718B89D3A0095C418 /* HakenmanTests.m in Sources */ = {isa = PBXBuildFile; fileRef = 3B469FC618B89D3A0095C418 /* HakenmanTests.m */; };
		3B469FD318B8AB740095C418 /* hakenModel.xcdatamodeld in Sources */ = {isa = PBXBuildFile; fileRef = 3B469FD118B8AB740095C418 /* hakenModel.xcdatamodeld */; };
		3B469FE818B8B0420095C418 /* CoreData.framework in Frameworks */ = {isa = PBXBuildFile; fileRef = 3B469FE718B8B0420095C418 /* CoreData.framework */; };
		3B659711191759F00075AB24 /* NSDate+Helper.m in Sources */ = {isa = PBXBuildFile; fileRef = 3B659710191759F00075AB24 /* NSDate+Helper.m */; };
		3B6AFEDE18E6857100501C94 /* Util.m in Sources */ = {isa = PBXBuildFile; fileRef = 3B6AFEDD18E6857100501C94 /* Util.m */; };
		3B6AFEE118E6874200501C94 /* FileDataDao.m in Sources */ = {isa = PBXBuildFile; fileRef = 3B6AFEE018E6874200501C94 /* FileDataDao.m */; };
		3B6AFEEA18E69C6300501C94 /* MailContentsDao.m in Sources */ = {isa = PBXBuildFile; fileRef = 3B6AFEE918E69C6300501C94 /* MailContentsDao.m */; };
		3B6CC8AF195D4A8D00F64041 /* TimeCard.m in Sources */ = {isa = PBXBuildFile; fileRef = 3B6CC8AE195D4A8D00F64041 /* TimeCard.m */; };
		3B6CC8B2195D4A8D00F64041 /* TimeCardSummary.m in Sources */ = {isa = PBXBuildFile; fileRef = 3B6CC8B1195D4A8D00F64041 /* TimeCardSummary.m */; };
		3B6CC8B8195D5D1200F64041 /* StoryboardUtil.m in Sources */ = {isa = PBXBuildFile; fileRef = 3B6CC8B7195D5D1200F64041 /* StoryboardUtil.m */; };
		3B782548195EC69E003D408D /* UIColor+Helper.m in Sources */ = {isa = PBXBuildFile; fileRef = 3B782547195EC69E003D408D /* UIColor+Helper.m */; };
		3B8CB23F1942EDD900CD922E /* FileData.m in Sources */ = {isa = PBXBuildFile; fileRef = 3B8CB23E1942EDD900CD922E /* FileData.m */; };
		3B8CB2421942EDD900CD922E /* MailContent.m in Sources */ = {isa = PBXBuildFile; fileRef = 3B8CB2411942EDD900CD922E /* MailContent.m */; };
		3B8CB2451942EDD900CD922E /* SiteInfo.m in Sources */ = {isa = PBXBuildFile; fileRef = 3B8CB2441942EDD900CD922E /* SiteInfo.m */; };
		3B8CB24F1942EFC200CD922E /* TodayTableViewCell.m in Sources */ = {isa = PBXBuildFile; fileRef = 3B8CB24E1942EFC200CD922E /* TodayTableViewCell.m */; };
		3B8CB2521942EFDC00CD922E /* MonthTableViewCell.m in Sources */ = {isa = PBXBuildFile; fileRef = 3B8CB2511942EFDC00CD922E /* MonthTableViewCell.m */; };
		3B8CB255194315DB00CD922E /* TimeCardSummaryDao.m in Sources */ = {isa = PBXBuildFile; fileRef = 3B8CB254194315DB00CD922E /* TimeCardSummaryDao.m */; };
		3B8FA71F18DDF17D00A1182E /* Localizable.strings in Resources */ = {isa = PBXBuildFile; fileRef = 3B8FA71D18DDF17D00A1182E /* Localizable.strings */; };
		3B8FA72318DDF59400A1182E /* NSUserDefaults+Setting.m in Sources */ = {isa = PBXBuildFile; fileRef = 3B8FA72218DDF59400A1182E /* NSUserDefaults+Setting.m */; };
		3B9CEA1D18DD4521000E4FF3 /* DBManager.m in Sources */ = {isa = PBXBuildFile; fileRef = 3B9CEA1C18DD4521000E4FF3 /* DBManager.m */; };
		3B9CEA2018DD458F000E4FF3 /* TimeCardDao.m in Sources */ = {isa = PBXBuildFile; fileRef = 3B9CEA1F18DD458F000E4FF3 /* TimeCardDao.m */; };
		3B9CEA2618DD690C000E4FF3 /* ModelDao.m in Sources */ = {isa = PBXBuildFile; fileRef = 3B9CEA2518DD690C000E4FF3 /* ModelDao.m */; };
		3BC0E3C418DD737C0062B07A /* Setting.storyboard in Resources */ = {isa = PBXBuildFile; fileRef = 3BC0E3C318DD737C0062B07A /* Setting.storyboard */; };
		3BC0E3CA18DD74D80062B07A /* SettingViewController.m in Sources */ = {isa = PBXBuildFile; fileRef = 3BC0E3C918DD74D80062B07A /* SettingViewController.m */; };
		3BC0E3CD18DD75310062B07A /* KJViewController.m in Sources */ = {isa = PBXBuildFile; fileRef = 3BC0E3CC18DD75310062B07A /* KJViewController.m */; };
		3BC0E3E018DD75FD0062B07A /* TopViewController.m in Sources */ = {isa = PBXBuildFile; fileRef = 3BC0E3DC18DD75FD0062B07A /* TopViewController.m */; };
		3BC0E3E218DD76460062B07A /* Top.storyboard in Resources */ = {isa = PBXBuildFile; fileRef = 3BC0E3E118DD76460062B07A /* Top.storyboard */; };
		3DC90F3E1A87BA5C008A42BF /* iAd.framework in Frameworks */ = {isa = PBXBuildFile; fileRef = 3DC90F3D1A87BA5C008A42BF /* iAd.framework */; };
		3DC90F661A87BA8B008A42BF /* AdvertisingManager.m in Sources */ = {isa = PBXBuildFile; fileRef = 3DC90F631A87BA8B008A42BF /* AdvertisingManager.m */; };
		5F084C971BBA52C300AF5FDF /* DetailInterfaceController.m in Sources */ = {isa = PBXBuildFile; fileRef = 5F084C961BBA52C300AF5FDF /* DetailInterfaceController.m */; };
		5F084C9A1BBA593900AF5FDF /* MonthlyWorkTableRowController.m in Sources */ = {isa = PBXBuildFile; fileRef = 5F084C991BBA593900AF5FDF /* MonthlyWorkTableRowController.m */; };
		5F084C9D1BBA594900AF5FDF /* DailyWorkTableRowController.m in Sources */ = {isa = PBXBuildFile; fileRef = 5F084C9C1BBA594900AF5FDF /* DailyWorkTableRowController.m */; };
		5F1BFEDC1BA7D1C400C06059 /* InterfaceController.m in Sources */ = {isa = PBXBuildFile; fileRef = 5F1BFEDB1BA7D1C400C06059 /* InterfaceController.m */; };
		5F1BFEDF1BA7D1C400C06059 /* NotificationController.m in Sources */ = {isa = PBXBuildFile; fileRef = 5F1BFEDE1BA7D1C400C06059 /* NotificationController.m */; };
		5F1BFEE21BA7D1C400C06059 /* GlanceController.m in Sources */ = {isa = PBXBuildFile; fileRef = 5F1BFEE11BA7D1C400C06059 /* GlanceController.m */; };
		5F1BFEE41BA7D1C400C06059 /* Images.xcassets in Resources */ = {isa = PBXBuildFile; fileRef = 5F1BFEE31BA7D1C400C06059 /* Images.xcassets */; };
		5F1BFEE81BA7D1C400C06059 /* Hakenman WatchKit App.app in Resources */ = {isa = PBXBuildFile; fileRef = 5F1BFEE71BA7D1C400C06059 /* Hakenman WatchKit App.app */; };
		5F1BFEF01BA7D1C400C06059 /* Interface.storyboard in Resources */ = {isa = PBXBuildFile; fileRef = 5F1BFEEE1BA7D1C400C06059 /* Interface.storyboard */; };
		5F1BFEF21BA7D1C400C06059 /* Images.xcassets in Resources */ = {isa = PBXBuildFile; fileRef = 5F1BFEF11BA7D1C400C06059 /* Images.xcassets */; };
		5F1BFEF51BA7D1C400C06059 /* Hakenman WatchKit Extension.appex in Embed App Extensions */ = {isa = PBXBuildFile; fileRef = 5F1BFED51BA7D1C400C06059 /* Hakenman WatchKit Extension.appex */; settings = {ATTRIBUTES = (RemoveHeadersOnCopy, ); }; };
		5F2BC5F21BB90588000BECB2 /* hakenModel.xcdatamodeld in Sources */ = {isa = PBXBuildFile; fileRef = 3B469FD118B8AB740095C418 /* hakenModel.xcdatamodeld */; };
		5F2BC5F31BB90593000BECB2 /* FileData.m in Sources */ = {isa = PBXBuildFile; fileRef = 3B8CB23E1942EDD900CD922E /* FileData.m */; };
		5F2BC5F41BB90596000BECB2 /* SiteInfo.m in Sources */ = {isa = PBXBuildFile; fileRef = 3B8CB2441942EDD900CD922E /* SiteInfo.m */; };
		5F2BC5F51BB90599000BECB2 /* MailContent.m in Sources */ = {isa = PBXBuildFile; fileRef = 3B8CB2411942EDD900CD922E /* MailContent.m */; };
		5F2BC5F61BB9059B000BECB2 /* TimeCard.m in Sources */ = {isa = PBXBuildFile; fileRef = 3B6CC8AE195D4A8D00F64041 /* TimeCard.m */; };
		5F2BC5F71BB9059D000BECB2 /* TimeCardSummary.m in Sources */ = {isa = PBXBuildFile; fileRef = 3B6CC8B1195D4A8D00F64041 /* TimeCardSummary.m */; };
		5F2BC5FB1BB90A0C000BECB2 /* CoreData.framework in Frameworks */ = {isa = PBXBuildFile; fileRef = 3B469FE718B8B0420095C418 /* CoreData.framework */; };
		5F2BC5FC1BB911C2000BECB2 /* DBManager.m in Sources */ = {isa = PBXBuildFile; fileRef = 3B9CEA1C18DD4521000E4FF3 /* DBManager.m */; };
		5F2BC6001BB9128D000BECB2 /* ModelDao.m in Sources */ = {isa = PBXBuildFile; fileRef = 3B9CEA2518DD690C000E4FF3 /* ModelDao.m */; };
		5F2BC6011BB91291000BECB2 /* TimeCardDao.m in Sources */ = {isa = PBXBuildFile; fileRef = 3B9CEA1F18DD458F000E4FF3 /* TimeCardDao.m */; };
		5F2BC6081BB914B0000BECB2 /* TimeCardSummaryDao.m in Sources */ = {isa = PBXBuildFile; fileRef = 3B8CB254194315DB00CD922E /* TimeCardSummaryDao.m */; };
		5F7C2B121BBBB9AE0025F370 /* NSDate+Helper.m in Sources */ = {isa = PBXBuildFile; fileRef = 3B659710191759F00075AB24 /* NSDate+Helper.m */; };
		5F7C2B141BBBBAEB0025F370 /* NSUserDefaults+Setting.m in Sources */ = {isa = PBXBuildFile; fileRef = 3B8FA72218DDF59400A1182E /* NSUserDefaults+Setting.m */; };
/* End PBXBuildFile section */

/* Begin PBXContainerItemProxy section */
		3B469FBE18B89D3A0095C418 /* PBXContainerItemProxy */ = {
			isa = PBXContainerItemProxy;
			containerPortal = 3B469F9018B89D3A0095C418 /* Project object */;
			proxyType = 1;
			remoteGlobalIDString = 3B469F9718B89D3A0095C418;
			remoteInfo = Hakenman;
		};
		5F1BFEE91BA7D1C400C06059 /* PBXContainerItemProxy */ = {
			isa = PBXContainerItemProxy;
			containerPortal = 3B469F9018B89D3A0095C418 /* Project object */;
			proxyType = 1;
			remoteGlobalIDString = 5F1BFEE61BA7D1C400C06059;
			remoteInfo = "Hakenman WatchKit App";
		};
		5F1BFEF31BA7D1C400C06059 /* PBXContainerItemProxy */ = {
			isa = PBXContainerItemProxy;
			containerPortal = 3B469F9018B89D3A0095C418 /* Project object */;
			proxyType = 1;
			remoteGlobalIDString = 5F1BFED41BA7D1C400C06059;
			remoteInfo = "Hakenman WatchKit Extension";
		};
/* End PBXContainerItemProxy section */

/* Begin PBXCopyFilesBuildPhase section */
		5F1BFEFC1BA7D1C400C06059 /* Embed App Extensions */ = {
			isa = PBXCopyFilesBuildPhase;
			buildActionMask = 2147483647;
			dstPath = "";
			dstSubfolderSpec = 13;
			files = (
				5F1BFEF51BA7D1C400C06059 /* Hakenman WatchKit Extension.appex in Embed App Extensions */,
			);
			name = "Embed App Extensions";
			runOnlyForDeploymentPostprocessing = 0;
		};
/* End PBXCopyFilesBuildPhase section */

/* Begin PBXFileReference section */
		1C1B827E1A0DD4A800E7FB4A /* CsvExportProtocol.h */ = {isa = PBXFileReference; fileEncoding = 4; lastKnownFileType = sourcecode.c.h; path = CsvExportProtocol.h; sourceTree = "<group>"; };
		1C22AEFA19C1D6FA004196EC /* Parse.framework */ = {isa = PBXFileReference; lastKnownFileType = wrapper.framework; path = Parse.framework; sourceTree = "<group>"; };
		1C22AEFF19C1D74A004196EC /* AudioToolbox.framework */ = {isa = PBXFileReference; lastKnownFileType = wrapper.framework; name = AudioToolbox.framework; path = System/Library/Frameworks/AudioToolbox.framework; sourceTree = SDKROOT; };
		1C22AF0119C1D755004196EC /* CFNetwork.framework */ = {isa = PBXFileReference; lastKnownFileType = wrapper.framework; name = CFNetwork.framework; path = System/Library/Frameworks/CFNetwork.framework; sourceTree = SDKROOT; };
		1C22AF0319C1D763004196EC /* CoreLocation.framework */ = {isa = PBXFileReference; lastKnownFileType = wrapper.framework; name = CoreLocation.framework; path = System/Library/Frameworks/CoreLocation.framework; sourceTree = SDKROOT; };
		1C22AF0519C1D779004196EC /* libz.dylib */ = {isa = PBXFileReference; lastKnownFileType = "compiled.mach-o.dylib"; name = libz.dylib; path = usr/lib/libz.dylib; sourceTree = SDKROOT; };
		1C22AF0719C1D783004196EC /* MobileCoreServices.framework */ = {isa = PBXFileReference; lastKnownFileType = wrapper.framework; name = MobileCoreServices.framework; path = System/Library/Frameworks/MobileCoreServices.framework; sourceTree = SDKROOT; };
		1C22AF0919C1D790004196EC /* Security.framework */ = {isa = PBXFileReference; lastKnownFileType = wrapper.framework; name = Security.framework; path = System/Library/Frameworks/Security.framework; sourceTree = SDKROOT; };
		1C22AF0D19C1D7A9004196EC /* SystemConfiguration.framework */ = {isa = PBXFileReference; lastKnownFileType = wrapper.framework; name = SystemConfiguration.framework; path = System/Library/Frameworks/SystemConfiguration.framework; sourceTree = SDKROOT; };
		1C3442EF1A0F439800367BF4 /* StoreKit.framework */ = {isa = PBXFileReference; lastKnownFileType = wrapper.framework; name = StoreKit.framework; path = System/Library/Frameworks/StoreKit.framework; sourceTree = SDKROOT; };
		1C3442F11A0F43C100367BF4 /* KJStoreProductViewController.h */ = {isa = PBXFileReference; fileEncoding = 4; lastKnownFileType = sourcecode.c.h; path = KJStoreProductViewController.h; sourceTree = "<group>"; };
		1C3442F21A0F43C100367BF4 /* KJStoreProductViewController.m */ = {isa = PBXFileReference; fileEncoding = 4; lastKnownFileType = sourcecode.c.objc; path = KJStoreProductViewController.m; sourceTree = "<group>"; };
		1C3461AD1A0CFBA100CD046F /* libPods-GoogleAnalytics-iOS-SDK.a */ = {isa = PBXFileReference; lastKnownFileType = archive.ar; name = "libPods-GoogleAnalytics-iOS-SDK.a"; path = "Pods/build/Debug-iphoneos/libPods-GoogleAnalytics-iOS-SDK.a"; sourceTree = "<group>"; };
		1C3461AF1A0CFE6400CD046F /* libPods-GoogleAnalytics-iOS-SDK.a */ = {isa = PBXFileReference; lastKnownFileType = archive.ar; name = "libPods-GoogleAnalytics-iOS-SDK.a"; path = "Pods/build/Debug-iphoneos/libPods-GoogleAnalytics-iOS-SDK.a"; sourceTree = "<group>"; };
		1C8A759A1A944D6200852CFE /* HistoryEditViewController.h */ = {isa = PBXFileReference; fileEncoding = 4; lastKnownFileType = sourcecode.c.h; path = HistoryEditViewController.h; sourceTree = "<group>"; };
		1C8A759B1A944D6200852CFE /* HistoryEditViewController.m */ = {isa = PBXFileReference; fileEncoding = 4; lastKnownFileType = sourcecode.c.objc; path = HistoryEditViewController.m; sourceTree = "<group>"; };
		1C8A75A01A9451FC00852CFE /* MonthWorkingCalendarViewController.h */ = {isa = PBXFileReference; fileEncoding = 4; lastKnownFileType = sourcecode.c.h; path = MonthWorkingCalendarViewController.h; sourceTree = "<group>"; };
		1C8A75A11A9451FC00852CFE /* MonthWorkingCalendarViewController.m */ = {isa = PBXFileReference; fileEncoding = 4; lastKnownFileType = sourcecode.c.objc; path = MonthWorkingCalendarViewController.m; sourceTree = "<group>"; };
		1C8A75A21A9451FC00852CFE /* RDVCalendarView+Extension.h */ = {isa = PBXFileReference; fileEncoding = 4; lastKnownFileType = sourcecode.c.h; path = "RDVCalendarView+Extension.h"; sourceTree = "<group>"; };
		1C8A75A31A9451FC00852CFE /* RDVCalendarView+Extension.m */ = {isa = PBXFileReference; fileEncoding = 4; lastKnownFileType = sourcecode.c.objc; path = "RDVCalendarView+Extension.m"; sourceTree = "<group>"; };
		1C8A75A41A9451FC00852CFE /* WorkingCalendarView.h */ = {isa = PBXFileReference; fileEncoding = 4; lastKnownFileType = sourcecode.c.h; path = WorkingCalendarView.h; sourceTree = "<group>"; };
		1C8A75A51A9451FC00852CFE /* WorkingCalendarView.m */ = {isa = PBXFileReference; fileEncoding = 4; lastKnownFileType = sourcecode.c.objc; path = WorkingCalendarView.m; sourceTree = "<group>"; };
		1C8A75A61A9451FC00852CFE /* WorkingDayCell.h */ = {isa = PBXFileReference; fileEncoding = 4; lastKnownFileType = sourcecode.c.h; path = WorkingDayCell.h; sourceTree = "<group>"; };
		1C8A75A71A9451FC00852CFE /* WorkingDayCell.m */ = {isa = PBXFileReference; fileEncoding = 4; lastKnownFileType = sourcecode.c.objc; path = WorkingDayCell.m; sourceTree = "<group>"; };
		1C8A75AC1A94528300852CFE /* BorderLabel.h */ = {isa = PBXFileReference; fileEncoding = 4; lastKnownFileType = sourcecode.c.h; path = BorderLabel.h; sourceTree = "<group>"; };
		1C8A75AD1A94528300852CFE /* BorderLabel.m */ = {isa = PBXFileReference; fileEncoding = 4; lastKnownFileType = sourcecode.c.objc; path = BorderLabel.m; sourceTree = "<group>"; };
		1C8A75AF1A94529200852CFE /* EditTimeTableViewCell.h */ = {isa = PBXFileReference; fileEncoding = 4; lastKnownFileType = sourcecode.c.h; path = EditTimeTableViewCell.h; sourceTree = "<group>"; };
		1C8A75B01A94529200852CFE /* EditTimeTableViewCell.m */ = {isa = PBXFileReference; fileEncoding = 4; lastKnownFileType = sourcecode.c.objc; path = EditTimeTableViewCell.m; sourceTree = "<group>"; };
		1C8A75B11A94529200852CFE /* SwitchButtonTableViewCell.h */ = {isa = PBXFileReference; fileEncoding = 4; lastKnownFileType = sourcecode.c.h; path = SwitchButtonTableViewCell.h; sourceTree = "<group>"; };
		1C8A75B21A94529200852CFE /* SwitchButtonTableViewCell.m */ = {isa = PBXFileReference; fileEncoding = 4; lastKnownFileType = sourcecode.c.objc; path = SwitchButtonTableViewCell.m; sourceTree = "<group>"; };
		1C8A75B51A9452AE00852CFE /* LeftTableViewCell.h */ = {isa = PBXFileReference; fileEncoding = 4; lastKnownFileType = sourcecode.c.h; path = LeftTableViewCell.h; sourceTree = "<group>"; };
		1C8A75B61A9452AE00852CFE /* LeftTableViewCell.m */ = {isa = PBXFileReference; fileEncoding = 4; lastKnownFileType = sourcecode.c.objc; path = LeftTableViewCell.m; sourceTree = "<group>"; };
		1C8A75B71A9452AE00852CFE /* LeftTableViewData.h */ = {isa = PBXFileReference; fileEncoding = 4; lastKnownFileType = sourcecode.c.h; path = LeftTableViewData.h; sourceTree = "<group>"; };
		1C8A75B81A9452AE00852CFE /* LeftTableViewData.m */ = {isa = PBXFileReference; fileEncoding = 4; lastKnownFileType = sourcecode.c.objc; path = LeftTableViewData.m; sourceTree = "<group>"; };
		1C8A75B91A9452AE00852CFE /* MonthWorkingTableViewController.h */ = {isa = PBXFileReference; fileEncoding = 4; lastKnownFileType = sourcecode.c.h; path = MonthWorkingTableViewController.h; sourceTree = "<group>"; };
		1C8A75BA1A9452AE00852CFE /* MonthWorkingTableViewController.m */ = {isa = PBXFileReference; fileEncoding = 4; lastKnownFileType = sourcecode.c.objc; path = MonthWorkingTableViewController.m; sourceTree = "<group>"; };
		1C8A75BB1A9452AE00852CFE /* RightTableViewCell.h */ = {isa = PBXFileReference; fileEncoding = 4; lastKnownFileType = sourcecode.c.h; path = RightTableViewCell.h; sourceTree = "<group>"; };
		1C8A75BC1A9452AE00852CFE /* RightTableViewCell.m */ = {isa = PBXFileReference; fileEncoding = 4; lastKnownFileType = sourcecode.c.objc; path = RightTableViewCell.m; sourceTree = "<group>"; };
		1C8A75BD1A9452AE00852CFE /* RightTableViewData.h */ = {isa = PBXFileReference; fileEncoding = 4; lastKnownFileType = sourcecode.c.h; path = RightTableViewData.h; sourceTree = "<group>"; };
		1C8A75BE1A9452AE00852CFE /* RightTableViewData.m */ = {isa = PBXFileReference; fileEncoding = 4; lastKnownFileType = sourcecode.c.objc; path = RightTableViewData.m; sourceTree = "<group>"; };
		1C8A75C41A9452CC00852CFE /* MonthWorkingTableEditViewController.h */ = {isa = PBXFileReference; fileEncoding = 4; lastKnownFileType = sourcecode.c.h; path = MonthWorkingTableEditViewController.h; sourceTree = "<group>"; };
		1C8A75C51A9452CC00852CFE /* MonthWorkingTableEditViewController.m */ = {isa = PBXFileReference; fileEncoding = 4; lastKnownFileType = sourcecode.c.objc; path = MonthWorkingTableEditViewController.m; sourceTree = "<group>"; };
		1C96439C1A32AB00005452CB /* NanumBarunGothic.ttf */ = {isa = PBXFileReference; lastKnownFileType = file; path = NanumBarunGothic.ttf; sourceTree = "<group>"; };
		1C96439D1A32AB00005452CB /* NanumBarunGothicBold.ttf */ = {isa = PBXFileReference; lastKnownFileType = file; path = NanumBarunGothicBold.ttf; sourceTree = "<group>"; };
		1C9643A31A32AC1B005452CB /* UIFont+Helper.h */ = {isa = PBXFileReference; fileEncoding = 4; lastKnownFileType = sourcecode.c.h; path = "UIFont+Helper.h"; sourceTree = "<group>"; };
		1C9643A41A32AC1B005452CB /* UIFont+Helper.m */ = {isa = PBXFileReference; fileEncoding = 4; lastKnownFileType = sourcecode.c.objc; path = "UIFont+Helper.m"; sourceTree = "<group>"; };
		1C9BAAA819C1E6620076A79C /* Social.framework */ = {isa = PBXFileReference; lastKnownFileType = wrapper.framework; name = Social.framework; path = System/Library/Frameworks/Social.framework; sourceTree = SDKROOT; };
		1C9BAAAA19C1E69C0076A79C /* Bolts.framework */ = {isa = PBXFileReference; lastKnownFileType = wrapper.framework; path = Bolts.framework; sourceTree = "<group>"; };
		1C9BAAAC19C1E6D30076A79C /* Accounts.framework */ = {isa = PBXFileReference; lastKnownFileType = wrapper.framework; name = Accounts.framework; path = System/Library/Frameworks/Accounts.framework; sourceTree = SDKROOT; };
		1CA7EF981967F1BD001772C9 /* QuartzCore.framework */ = {isa = PBXFileReference; lastKnownFileType = wrapper.framework; name = QuartzCore.framework; path = System/Library/Frameworks/QuartzCore.framework; sourceTree = SDKROOT; };
		1CAAA21C1966222C00A053C7 /* AppInfo.storyboard */ = {isa = PBXFileReference; fileEncoding = 4; lastKnownFileType = file.storyboard; path = AppInfo.storyboard; sourceTree = "<group>"; };
		1CAAA21E1966224300A053C7 /* AppInformationViewController.h */ = {isa = PBXFileReference; fileEncoding = 4; lastKnownFileType = sourcecode.c.h; path = AppInformationViewController.h; sourceTree = "<group>"; };
		1CAAA21F1966224300A053C7 /* AppInformationViewController.m */ = {isa = PBXFileReference; fileEncoding = 4; lastKnownFileType = sourcecode.c.objc; path = AppInformationViewController.m; sourceTree = "<group>"; };
		1CAAA2211966225900A053C7 /* OpenSourceLicenseViewController.h */ = {isa = PBXFileReference; fileEncoding = 4; lastKnownFileType = sourcecode.c.h; path = OpenSourceLicenseViewController.h; sourceTree = "<group>"; };
		1CAAA2221966225900A053C7 /* OpenSourceLicenseViewController.m */ = {isa = PBXFileReference; fileEncoding = 4; lastKnownFileType = sourcecode.c.objc; path = OpenSourceLicenseViewController.m; sourceTree = "<group>"; };
		1CAAA2241966252400A053C7 /* license.html */ = {isa = PBXFileReference; fileEncoding = 4; lastKnownFileType = text.html; path = license.html; sourceTree = "<group>"; };
		1CAAA2261966261300A053C7 /* kjcodeInfo.html */ = {isa = PBXFileReference; fileEncoding = 4; lastKnownFileType = text.html; path = kjcodeInfo.html; sourceTree = "<group>"; };
		1CB3063D196F845600D8BF54 /* NSError+Common.h */ = {isa = PBXFileReference; fileEncoding = 4; lastKnownFileType = sourcecode.c.h; path = "NSError+Common.h"; sourceTree = "<group>"; };
		1CB3063E196F845600D8BF54 /* NSError+Common.m */ = {isa = PBXFileReference; fileEncoding = 4; lastKnownFileType = sourcecode.c.objc; path = "NSError+Common.m"; sourceTree = "<group>"; };
		1CB7F8B119656935002446CB /* Tutorial.storyboard */ = {isa = PBXFileReference; fileEncoding = 4; lastKnownFileType = file.storyboard; path = Tutorial.storyboard; sourceTree = "<group>"; };
		1CB7F8B319656952002446CB /* TutorialViewController.h */ = {isa = PBXFileReference; fileEncoding = 4; lastKnownFileType = sourcecode.c.h; path = TutorialViewController.h; sourceTree = "<group>"; };
		1CB7F8B419656952002446CB /* TutorialViewController.m */ = {isa = PBXFileReference; fileEncoding = 4; lastKnownFileType = sourcecode.c.objc; path = TutorialViewController.m; sourceTree = "<group>"; };
		1CBFDAA719793374001A51D5 /* SenTestingKit.framework */ = {isa = PBXFileReference; lastKnownFileType = wrapper.framework; name = SenTestingKit.framework; path = Library/Frameworks/SenTestingKit.framework; sourceTree = DEVELOPER_DIR; };
		1CF2D6FA1964D1240062B0C1 /* MessageUI.framework */ = {isa = PBXFileReference; lastKnownFileType = wrapper.framework; name = MessageUI.framework; path = System/Library/Frameworks/MessageUI.framework; sourceTree = SDKROOT; };
		2834EA20A72D32E2759FD016 /* Pods.release.xcconfig */ = {isa = PBXFileReference; includeInIndex = 1; lastKnownFileType = text.xcconfig; name = Pods.release.xcconfig; path = "Pods/Target Support Files/Pods/Pods.release.xcconfig"; sourceTree = "<group>"; };
		3855FA515F94487752ABE36A /* Pods.debug.xcconfig */ = {isa = PBXFileReference; includeInIndex = 1; lastKnownFileType = text.xcconfig; name = Pods.debug.xcconfig; path = "Pods/Target Support Files/Pods/Pods.debug.xcconfig"; sourceTree = "<group>"; };
		3B23F21218E6C48B00518106 /* LineGraphView.h */ = {isa = PBXFileReference; fileEncoding = 4; lastKnownFileType = sourcecode.c.h; path = LineGraphView.h; sourceTree = "<group>"; };
		3B23F21318E6C48B00518106 /* LineGraphView.m */ = {isa = PBXFileReference; fileEncoding = 4; lastKnownFileType = sourcecode.c.objc; path = LineGraphView.m; sourceTree = "<group>"; };
		3B340F3A18DD99EF008F6E1E /* Menu.storyboard */ = {isa = PBXFileReference; fileEncoding = 4; lastKnownFileType = file.storyboard; path = Menu.storyboard; sourceTree = "<group>"; };
		3B340F3C18DD99FE008F6E1E /* MenuViewController.h */ = {isa = PBXFileReference; fileEncoding = 4; lastKnownFileType = sourcecode.c.h; path = MenuViewController.h; sourceTree = "<group>"; };
		3B340F3D18DD99FE008F6E1E /* MenuViewController.m */ = {isa = PBXFileReference; fileEncoding = 4; lastKnownFileType = sourcecode.c.objc; path = MenuViewController.m; sourceTree = "<group>"; };
		3B469F9818B89D3A0095C418 /* Hakenman.app */ = {isa = PBXFileReference; explicitFileType = wrapper.application; includeInIndex = 0; path = Hakenman.app; sourceTree = BUILT_PRODUCTS_DIR; };
		3B469F9B18B89D3A0095C418 /* Foundation.framework */ = {isa = PBXFileReference; lastKnownFileType = wrapper.framework; name = Foundation.framework; path = System/Library/Frameworks/Foundation.framework; sourceTree = SDKROOT; };
		3B469F9D18B89D3A0095C418 /* CoreGraphics.framework */ = {isa = PBXFileReference; lastKnownFileType = wrapper.framework; name = CoreGraphics.framework; path = System/Library/Frameworks/CoreGraphics.framework; sourceTree = SDKROOT; };
		3B469F9F18B89D3A0095C418 /* UIKit.framework */ = {isa = PBXFileReference; lastKnownFileType = wrapper.framework; name = UIKit.framework; path = System/Library/Frameworks/UIKit.framework; sourceTree = SDKROOT; };
		3B469FA318B89D3A0095C418 /* Hakenman-Info.plist */ = {isa = PBXFileReference; lastKnownFileType = text.plist.xml; path = "Hakenman-Info.plist"; sourceTree = "<group>"; };
		3B469FA518B89D3A0095C418 /* en */ = {isa = PBXFileReference; lastKnownFileType = text.plist.strings; name = en; path = en.lproj/InfoPlist.strings; sourceTree = "<group>"; };
		3B469FA718B89D3A0095C418 /* main.m */ = {isa = PBXFileReference; lastKnownFileType = sourcecode.c.objc; path = main.m; sourceTree = "<group>"; };
		3B469FA918B89D3A0095C418 /* Hakenman-Prefix.pch */ = {isa = PBXFileReference; lastKnownFileType = sourcecode.c.h; path = "Hakenman-Prefix.pch"; sourceTree = "<group>"; };
		3B469FAA18B89D3A0095C418 /* AppDelegate.h */ = {isa = PBXFileReference; lastKnownFileType = sourcecode.c.h; path = AppDelegate.h; sourceTree = "<group>"; };
		3B469FAB18B89D3A0095C418 /* AppDelegate.m */ = {isa = PBXFileReference; lastKnownFileType = sourcecode.c.objc; path = AppDelegate.m; sourceTree = "<group>"; };
		3B469FB318B89D3A0095C418 /* Images.xcassets */ = {isa = PBXFileReference; lastKnownFileType = folder.assetcatalog; name = Images.xcassets; path = ../Images.xcassets; sourceTree = "<group>"; };
		3B469FB918B89D3A0095C418 /* HakenmanTests.xctest */ = {isa = PBXFileReference; explicitFileType = wrapper.cfbundle; includeInIndex = 0; path = HakenmanTests.xctest; sourceTree = BUILT_PRODUCTS_DIR; };
		3B469FBA18B89D3A0095C418 /* XCTest.framework */ = {isa = PBXFileReference; lastKnownFileType = wrapper.framework; name = XCTest.framework; path = Library/Frameworks/XCTest.framework; sourceTree = DEVELOPER_DIR; };
		3B469FC218B89D3A0095C418 /* HakenmanTests-Info.plist */ = {isa = PBXFileReference; lastKnownFileType = text.plist.xml; path = "HakenmanTests-Info.plist"; sourceTree = "<group>"; };
		3B469FC418B89D3A0095C418 /* en */ = {isa = PBXFileReference; lastKnownFileType = text.plist.strings; name = en; path = en.lproj/InfoPlist.strings; sourceTree = "<group>"; };
		3B469FC618B89D3A0095C418 /* HakenmanTests.m */ = {isa = PBXFileReference; lastKnownFileType = sourcecode.c.objc; path = HakenmanTests.m; sourceTree = "<group>"; };
		3B469FD218B8AB740095C418 /* hakenModel.xcdatamodel */ = {isa = PBXFileReference; lastKnownFileType = wrapper.xcdatamodel; path = hakenModel.xcdatamodel; sourceTree = "<group>"; };
		3B469FE718B8B0420095C418 /* CoreData.framework */ = {isa = PBXFileReference; lastKnownFileType = wrapper.framework; name = CoreData.framework; path = System/Library/Frameworks/CoreData.framework; sourceTree = SDKROOT; };
		3B65970F191759F00075AB24 /* NSDate+Helper.h */ = {isa = PBXFileReference; fileEncoding = 4; lastKnownFileType = sourcecode.c.h; path = "NSDate+Helper.h"; sourceTree = "<group>"; };
		3B659710191759F00075AB24 /* NSDate+Helper.m */ = {isa = PBXFileReference; fileEncoding = 4; lastKnownFileType = sourcecode.c.objc; path = "NSDate+Helper.m"; sourceTree = "<group>"; };
		3B6AFEDC18E6857100501C94 /* Util.h */ = {isa = PBXFileReference; fileEncoding = 4; lastKnownFileType = sourcecode.c.h; path = Util.h; sourceTree = "<group>"; };
		3B6AFEDD18E6857100501C94 /* Util.m */ = {isa = PBXFileReference; fileEncoding = 4; lastKnownFileType = sourcecode.c.objc; path = Util.m; sourceTree = "<group>"; };
		3B6AFEDF18E6874200501C94 /* FileDataDao.h */ = {isa = PBXFileReference; fileEncoding = 4; lastKnownFileType = sourcecode.c.h; path = FileDataDao.h; sourceTree = "<group>"; };
		3B6AFEE018E6874200501C94 /* FileDataDao.m */ = {isa = PBXFileReference; fileEncoding = 4; lastKnownFileType = sourcecode.c.objc; path = FileDataDao.m; sourceTree = "<group>"; };
		3B6AFEE818E69C6300501C94 /* MailContentsDao.h */ = {isa = PBXFileReference; fileEncoding = 4; lastKnownFileType = sourcecode.c.h; path = MailContentsDao.h; sourceTree = "<group>"; };
		3B6AFEE918E69C6300501C94 /* MailContentsDao.m */ = {isa = PBXFileReference; fileEncoding = 4; lastKnownFileType = sourcecode.c.objc; path = MailContentsDao.m; sourceTree = "<group>"; };
		3B6CC8AD195D4A8D00F64041 /* TimeCard.h */ = {isa = PBXFileReference; fileEncoding = 4; lastKnownFileType = sourcecode.c.h; path = TimeCard.h; sourceTree = "<group>"; };
		3B6CC8AE195D4A8D00F64041 /* TimeCard.m */ = {isa = PBXFileReference; fileEncoding = 4; lastKnownFileType = sourcecode.c.objc; path = TimeCard.m; sourceTree = "<group>"; };
		3B6CC8B0195D4A8D00F64041 /* TimeCardSummary.h */ = {isa = PBXFileReference; fileEncoding = 4; lastKnownFileType = sourcecode.c.h; path = TimeCardSummary.h; sourceTree = "<group>"; };
		3B6CC8B1195D4A8D00F64041 /* TimeCardSummary.m */ = {isa = PBXFileReference; fileEncoding = 4; lastKnownFileType = sourcecode.c.objc; path = TimeCardSummary.m; sourceTree = "<group>"; };
		3B6CC8B6195D5D1200F64041 /* StoryboardUtil.h */ = {isa = PBXFileReference; fileEncoding = 4; lastKnownFileType = sourcecode.c.h; path = StoryboardUtil.h; sourceTree = "<group>"; };
		3B6CC8B7195D5D1200F64041 /* StoryboardUtil.m */ = {isa = PBXFileReference; fileEncoding = 4; lastKnownFileType = sourcecode.c.objc; path = StoryboardUtil.m; sourceTree = "<group>"; };
		3B782546195EC69E003D408D /* UIColor+Helper.h */ = {isa = PBXFileReference; fileEncoding = 4; lastKnownFileType = sourcecode.c.h; path = "UIColor+Helper.h"; sourceTree = "<group>"; };
		3B782547195EC69E003D408D /* UIColor+Helper.m */ = {isa = PBXFileReference; fileEncoding = 4; lastKnownFileType = sourcecode.c.objc; path = "UIColor+Helper.m"; sourceTree = "<group>"; };
		3B8CB23D1942EDD900CD922E /* FileData.h */ = {isa = PBXFileReference; fileEncoding = 4; lastKnownFileType = sourcecode.c.h; path = FileData.h; sourceTree = "<group>"; };
		3B8CB23E1942EDD900CD922E /* FileData.m */ = {isa = PBXFileReference; fileEncoding = 4; lastKnownFileType = sourcecode.c.objc; path = FileData.m; sourceTree = "<group>"; };
		3B8CB2401942EDD900CD922E /* MailContent.h */ = {isa = PBXFileReference; fileEncoding = 4; lastKnownFileType = sourcecode.c.h; path = MailContent.h; sourceTree = "<group>"; };
		3B8CB2411942EDD900CD922E /* MailContent.m */ = {isa = PBXFileReference; fileEncoding = 4; lastKnownFileType = sourcecode.c.objc; path = MailContent.m; sourceTree = "<group>"; };
		3B8CB2431942EDD900CD922E /* SiteInfo.h */ = {isa = PBXFileReference; fileEncoding = 4; lastKnownFileType = sourcecode.c.h; path = SiteInfo.h; sourceTree = "<group>"; };
		3B8CB2441942EDD900CD922E /* SiteInfo.m */ = {isa = PBXFileReference; fileEncoding = 4; lastKnownFileType = sourcecode.c.objc; path = SiteInfo.m; sourceTree = "<group>"; };
		3B8CB24D1942EFC200CD922E /* TodayTableViewCell.h */ = {isa = PBXFileReference; fileEncoding = 4; lastKnownFileType = sourcecode.c.h; path = TodayTableViewCell.h; sourceTree = "<group>"; };
		3B8CB24E1942EFC200CD922E /* TodayTableViewCell.m */ = {isa = PBXFileReference; fileEncoding = 4; lastKnownFileType = sourcecode.c.objc; path = TodayTableViewCell.m; sourceTree = "<group>"; };
		3B8CB2501942EFDC00CD922E /* MonthTableViewCell.h */ = {isa = PBXFileReference; fileEncoding = 4; lastKnownFileType = sourcecode.c.h; path = MonthTableViewCell.h; sourceTree = "<group>"; };
		3B8CB2511942EFDC00CD922E /* MonthTableViewCell.m */ = {isa = PBXFileReference; fileEncoding = 4; lastKnownFileType = sourcecode.c.objc; path = MonthTableViewCell.m; sourceTree = "<group>"; };
		3B8CB253194315DB00CD922E /* TimeCardSummaryDao.h */ = {isa = PBXFileReference; fileEncoding = 4; lastKnownFileType = sourcecode.c.h; path = TimeCardSummaryDao.h; sourceTree = "<group>"; };
		3B8CB254194315DB00CD922E /* TimeCardSummaryDao.m */ = {isa = PBXFileReference; fileEncoding = 4; lastKnownFileType = sourcecode.c.objc; path = TimeCardSummaryDao.m; sourceTree = "<group>"; };
		3B8FA71618DDEFB900A1182E /* const.h */ = {isa = PBXFileReference; lastKnownFileType = sourcecode.c.h; path = const.h; sourceTree = "<group>"; };
		3B8FA71718DDF0D100A1182E /* ja */ = {isa = PBXFileReference; lastKnownFileType = text.plist.strings; name = ja; path = ja.lproj/InfoPlist.strings; sourceTree = "<group>"; };
		3B8FA71818DDF0D200A1182E /* ja */ = {isa = PBXFileReference; lastKnownFileType = text.plist.strings; name = ja; path = ja.lproj/InfoPlist.strings; sourceTree = "<group>"; };
		3B8FA71E18DDF17D00A1182E /* en */ = {isa = PBXFileReference; lastKnownFileType = text.plist.strings; name = en; path = en.lproj/Localizable.strings; sourceTree = "<group>"; };
		3B8FA72018DDF18100A1182E /* ja */ = {isa = PBXFileReference; lastKnownFileType = text.plist.strings; name = ja; path = ja.lproj/Localizable.strings; sourceTree = "<group>"; };
		3B8FA72118DDF59400A1182E /* NSUserDefaults+Setting.h */ = {isa = PBXFileReference; fileEncoding = 4; lastKnownFileType = sourcecode.c.h; path = "NSUserDefaults+Setting.h"; sourceTree = "<group>"; };
		3B8FA72218DDF59400A1182E /* NSUserDefaults+Setting.m */ = {isa = PBXFileReference; fileEncoding = 4; lastKnownFileType = sourcecode.c.objc; path = "NSUserDefaults+Setting.m"; sourceTree = "<group>"; };
		3B9CEA1B18DD4521000E4FF3 /* DBManager.h */ = {isa = PBXFileReference; fileEncoding = 4; lastKnownFileType = sourcecode.c.h; path = DBManager.h; sourceTree = "<group>"; };
		3B9CEA1C18DD4521000E4FF3 /* DBManager.m */ = {isa = PBXFileReference; fileEncoding = 4; lastKnownFileType = sourcecode.c.objc; path = DBManager.m; sourceTree = "<group>"; };
		3B9CEA1E18DD458F000E4FF3 /* TimeCardDao.h */ = {isa = PBXFileReference; fileEncoding = 4; lastKnownFileType = sourcecode.c.h; path = TimeCardDao.h; sourceTree = "<group>"; };
		3B9CEA1F18DD458F000E4FF3 /* TimeCardDao.m */ = {isa = PBXFileReference; fileEncoding = 4; lastKnownFileType = sourcecode.c.objc; path = TimeCardDao.m; sourceTree = "<group>"; };
		3B9CEA2418DD690C000E4FF3 /* ModelDao.h */ = {isa = PBXFileReference; fileEncoding = 4; lastKnownFileType = sourcecode.c.h; path = ModelDao.h; sourceTree = "<group>"; };
		3B9CEA2518DD690C000E4FF3 /* ModelDao.m */ = {isa = PBXFileReference; fileEncoding = 4; lastKnownFileType = sourcecode.c.objc; path = ModelDao.m; sourceTree = "<group>"; };
		3BC0E3C318DD737C0062B07A /* Setting.storyboard */ = {isa = PBXFileReference; fileEncoding = 4; lastKnownFileType = file.storyboard; path = Setting.storyboard; sourceTree = "<group>"; };
		3BC0E3C818DD74D80062B07A /* SettingViewController.h */ = {isa = PBXFileReference; fileEncoding = 4; lastKnownFileType = sourcecode.c.h; path = SettingViewController.h; sourceTree = "<group>"; };
		3BC0E3C918DD74D80062B07A /* SettingViewController.m */ = {isa = PBXFileReference; fileEncoding = 4; lastKnownFileType = sourcecode.c.objc; path = SettingViewController.m; sourceTree = "<group>"; };
		3BC0E3CB18DD75310062B07A /* KJViewController.h */ = {isa = PBXFileReference; fileEncoding = 4; lastKnownFileType = sourcecode.c.h; path = KJViewController.h; sourceTree = "<group>"; };
		3BC0E3CC18DD75310062B07A /* KJViewController.m */ = {isa = PBXFileReference; fileEncoding = 4; lastKnownFileType = sourcecode.c.objc; path = KJViewController.m; sourceTree = "<group>"; };
		3BC0E3DB18DD75FD0062B07A /* TopViewController.h */ = {isa = PBXFileReference; fileEncoding = 4; lastKnownFileType = sourcecode.c.h; path = TopViewController.h; sourceTree = "<group>"; };
		3BC0E3DC18DD75FD0062B07A /* TopViewController.m */ = {isa = PBXFileReference; fileEncoding = 4; lastKnownFileType = sourcecode.c.objc; path = TopViewController.m; sourceTree = "<group>"; };
		3BC0E3E118DD76460062B07A /* Top.storyboard */ = {isa = PBXFileReference; fileEncoding = 4; lastKnownFileType = file.storyboard; path = Top.storyboard; sourceTree = "<group>"; };
		3D28B8891AA48379005FAD32 /* GoogleMobileAds.framework */ = {isa = PBXFileReference; lastKnownFileType = wrapper.framework; name = GoogleMobileAds.framework; path = "Hakenman/advertising/GoogleMobileAdsSdkiOS-7.0.0/GoogleMobileAds.framework"; sourceTree = "<group>"; };
		3D2980671987B66900018BAD /* ko */ = {isa = PBXFileReference; lastKnownFileType = text.plist.strings; name = ko; path = ko.lproj/InfoPlist.strings; sourceTree = "<group>"; };
		3D2980681987B66900018BAD /* ko */ = {isa = PBXFileReference; lastKnownFileType = text.plist.strings; name = ko; path = ko.lproj/Localizable.strings; sourceTree = "<group>"; };
		3D2980691987B66900018BAD /* ko */ = {isa = PBXFileReference; lastKnownFileType = text.plist.strings; name = ko; path = ko.lproj/InfoPlist.strings; sourceTree = "<group>"; };
		3DC90F3D1A87BA5C008A42BF /* iAd.framework */ = {isa = PBXFileReference; lastKnownFileType = wrapper.framework; name = iAd.framework; path = System/Library/Frameworks/iAd.framework; sourceTree = SDKROOT; };
		3DC90F401A87BA8B008A42BF /* AdvertisingManager.h */ = {isa = PBXFileReference; fileEncoding = 4; lastKnownFileType = sourcecode.c.h; name = AdvertisingManager.h; path = advertising/AdvertisingManager.h; sourceTree = "<group>"; };
		3DC90F631A87BA8B008A42BF /* AdvertisingManager.m */ = {isa = PBXFileReference; fileEncoding = 4; lastKnownFileType = sourcecode.c.objc; name = AdvertisingManager.m; path = advertising/AdvertisingManager.m; sourceTree = "<group>"; };
		5F084C951BBA52C300AF5FDF /* DetailInterfaceController.h */ = {isa = PBXFileReference; fileEncoding = 4; lastKnownFileType = sourcecode.c.h; path = DetailInterfaceController.h; sourceTree = "<group>"; };
		5F084C961BBA52C300AF5FDF /* DetailInterfaceController.m */ = {isa = PBXFileReference; fileEncoding = 4; lastKnownFileType = sourcecode.c.objc; path = DetailInterfaceController.m; sourceTree = "<group>"; };
		5F084C981BBA593900AF5FDF /* MonthlyWorkTableRowController.h */ = {isa = PBXFileReference; fileEncoding = 4; lastKnownFileType = sourcecode.c.h; path = MonthlyWorkTableRowController.h; sourceTree = "<group>"; };
		5F084C991BBA593900AF5FDF /* MonthlyWorkTableRowController.m */ = {isa = PBXFileReference; fileEncoding = 4; lastKnownFileType = sourcecode.c.objc; path = MonthlyWorkTableRowController.m; sourceTree = "<group>"; };
		5F084C9B1BBA594900AF5FDF /* DailyWorkTableRowController.h */ = {isa = PBXFileReference; fileEncoding = 4; lastKnownFileType = sourcecode.c.h; path = DailyWorkTableRowController.h; sourceTree = "<group>"; };
		5F084C9C1BBA594900AF5FDF /* DailyWorkTableRowController.m */ = {isa = PBXFileReference; fileEncoding = 4; lastKnownFileType = sourcecode.c.objc; path = DailyWorkTableRowController.m; sourceTree = "<group>"; };
		5F1BFED01BA7A7FA00C06059 /* Hakenman.entitlements */ = {isa = PBXFileReference; lastKnownFileType = text.xml; path = Hakenman.entitlements; sourceTree = "<group>"; };
		5F1BFED51BA7D1C400C06059 /* Hakenman WatchKit Extension.appex */ = {isa = PBXFileReference; explicitFileType = "wrapper.app-extension"; includeInIndex = 0; path = "Hakenman WatchKit Extension.appex"; sourceTree = BUILT_PRODUCTS_DIR; };
		5F1BFED81BA7D1C400C06059 /* Info.plist */ = {isa = PBXFileReference; lastKnownFileType = text.plist.xml; path = Info.plist; sourceTree = "<group>"; };
		5F1BFED91BA7D1C400C06059 /* PushNotificationPayload.apns */ = {isa = PBXFileReference; lastKnownFileType = text; path = PushNotificationPayload.apns; sourceTree = "<group>"; };
		5F1BFEDA1BA7D1C400C06059 /* InterfaceController.h */ = {isa = PBXFileReference; lastKnownFileType = sourcecode.c.h; path = InterfaceController.h; sourceTree = "<group>"; };
		5F1BFEDB1BA7D1C400C06059 /* InterfaceController.m */ = {isa = PBXFileReference; lastKnownFileType = sourcecode.c.objc; path = InterfaceController.m; sourceTree = "<group>"; };
		5F1BFEDD1BA7D1C400C06059 /* NotificationController.h */ = {isa = PBXFileReference; lastKnownFileType = sourcecode.c.h; path = NotificationController.h; sourceTree = "<group>"; };
		5F1BFEDE1BA7D1C400C06059 /* NotificationController.m */ = {isa = PBXFileReference; lastKnownFileType = sourcecode.c.objc; path = NotificationController.m; sourceTree = "<group>"; };
		5F1BFEE01BA7D1C400C06059 /* GlanceController.h */ = {isa = PBXFileReference; lastKnownFileType = sourcecode.c.h; path = GlanceController.h; sourceTree = "<group>"; };
		5F1BFEE11BA7D1C400C06059 /* GlanceController.m */ = {isa = PBXFileReference; lastKnownFileType = sourcecode.c.objc; path = GlanceController.m; sourceTree = "<group>"; };
		5F1BFEE31BA7D1C400C06059 /* Images.xcassets */ = {isa = PBXFileReference; lastKnownFileType = folder.assetcatalog; path = Images.xcassets; sourceTree = "<group>"; };
		5F1BFEE71BA7D1C400C06059 /* Hakenman WatchKit App.app */ = {isa = PBXFileReference; explicitFileType = wrapper.application; includeInIndex = 0; path = "Hakenman WatchKit App.app"; sourceTree = BUILT_PRODUCTS_DIR; };
		5F1BFEED1BA7D1C400C06059 /* Info.plist */ = {isa = PBXFileReference; lastKnownFileType = text.plist.xml; path = Info.plist; sourceTree = "<group>"; };
		5F1BFEEF1BA7D1C400C06059 /* Base */ = {isa = PBXFileReference; lastKnownFileType = file.storyboard; name = Base; path = Base.lproj/Interface.storyboard; sourceTree = "<group>"; };
		5F1BFEF11BA7D1C400C06059 /* Images.xcassets */ = {isa = PBXFileReference; lastKnownFileType = folder.assetcatalog; path = Images.xcassets; sourceTree = "<group>"; };
		5F1BFEFD1BA7D21700C06059 /* Hakenman WatchKit Extension.entitlements */ = {isa = PBXFileReference; lastKnownFileType = text.xml; path = "Hakenman WatchKit Extension.entitlements"; sourceTree = "<group>"; };
		F572CE3580F6449BBEA9BF3B /* libPods.a */ = {isa = PBXFileReference; explicitFileType = archive.ar; includeInIndex = 0; path = libPods.a; sourceTree = BUILT_PRODUCTS_DIR; };
/* End PBXFileReference section */

/* Begin PBXFrameworksBuildPhase section */
		3B469F9518B89D3A0095C418 /* Frameworks */ = {
			isa = PBXFrameworksBuildPhase;
			buildActionMask = 2147483647;
			files = (
				3DC90F3E1A87BA5C008A42BF /* iAd.framework in Frameworks */,
				1C3442F01A0F439800367BF4 /* StoreKit.framework in Frameworks */,
				1C9BAAAD19C1E6D30076A79C /* Accounts.framework in Frameworks */,
				1C9BAAAB19C1E69C0076A79C /* Bolts.framework in Frameworks */,
				1C9BAAA919C1E6620076A79C /* Social.framework in Frameworks */,
				1C22AF0E19C1D7A9004196EC /* SystemConfiguration.framework in Frameworks */,
				1C22AF0A19C1D790004196EC /* Security.framework in Frameworks */,
				1C22AF0819C1D783004196EC /* MobileCoreServices.framework in Frameworks */,
				1C22AF0619C1D779004196EC /* libz.dylib in Frameworks */,
				1C22AF0419C1D764004196EC /* CoreLocation.framework in Frameworks */,
				1C22AF0219C1D755004196EC /* CFNetwork.framework in Frameworks */,
				1C22AF0019C1D74A004196EC /* AudioToolbox.framework in Frameworks */,
				1CA7EF991967F1BD001772C9 /* QuartzCore.framework in Frameworks */,
				1C22AEFD19C1D6FA004196EC /* Parse.framework in Frameworks */,
				1CF2D6FB1964D1240062B0C1 /* MessageUI.framework in Frameworks */,
				3B469FE818B8B0420095C418 /* CoreData.framework in Frameworks */,
				3B469F9E18B89D3A0095C418 /* CoreGraphics.framework in Frameworks */,
				3B469FA018B89D3A0095C418 /* UIKit.framework in Frameworks */,
				3B469F9C18B89D3A0095C418 /* Foundation.framework in Frameworks */,
				221759D631BC4F348C6890DE /* libPods.a in Frameworks */,
			);
			runOnlyForDeploymentPostprocessing = 0;
		};
		3B469FB618B89D3A0095C418 /* Frameworks */ = {
			isa = PBXFrameworksBuildPhase;
			buildActionMask = 2147483647;
			files = (
				3B469FBB18B89D3A0095C418 /* XCTest.framework in Frameworks */,
				3B469FBD18B89D3A0095C418 /* UIKit.framework in Frameworks */,
				3B469FBC18B89D3A0095C418 /* Foundation.framework in Frameworks */,
			);
			runOnlyForDeploymentPostprocessing = 0;
		};
		5F1BFED21BA7D1C400C06059 /* Frameworks */ = {
			isa = PBXFrameworksBuildPhase;
			buildActionMask = 2147483647;
			files = (
				5F2BC5FB1BB90A0C000BECB2 /* CoreData.framework in Frameworks */,
			);
			runOnlyForDeploymentPostprocessing = 0;
		};
/* End PBXFrameworksBuildPhase section */

/* Begin PBXGroup section */
		1C8A759D1A9451C200852CFE /* sheet */ = {
			isa = PBXGroup;
			children = (
				1C8A75B51A9452AE00852CFE /* LeftTableViewCell.h */,
				1C8A75B61A9452AE00852CFE /* LeftTableViewCell.m */,
				1C8A75B71A9452AE00852CFE /* LeftTableViewData.h */,
				1C8A75B81A9452AE00852CFE /* LeftTableViewData.m */,
				1C8A75B91A9452AE00852CFE /* MonthWorkingTableViewController.h */,
				1C8A75BA1A9452AE00852CFE /* MonthWorkingTableViewController.m */,
				1C8A75BB1A9452AE00852CFE /* RightTableViewCell.h */,
				1C8A75BC1A9452AE00852CFE /* RightTableViewCell.m */,
				1C8A75BD1A9452AE00852CFE /* RightTableViewData.h */,
				1C8A75BE1A9452AE00852CFE /* RightTableViewData.m */,
			);
			path = sheet;
			sourceTree = "<group>";
		};
		1C8A759E1A9451DE00852CFE /* edit */ = {
			isa = PBXGroup;
			children = (
				1C8A75C41A9452CC00852CFE /* MonthWorkingTableEditViewController.h */,
				1C8A75C51A9452CC00852CFE /* MonthWorkingTableEditViewController.m */,
				1C8A75AF1A94529200852CFE /* EditTimeTableViewCell.h */,
				1C8A75B01A94529200852CFE /* EditTimeTableViewCell.m */,
				1C8A75B11A94529200852CFE /* SwitchButtonTableViewCell.h */,
				1C8A75B21A94529200852CFE /* SwitchButtonTableViewCell.m */,
			);
			path = edit;
			sourceTree = "<group>";
		};
		1C8A759F1A9451FC00852CFE /* calendar */ = {
			isa = PBXGroup;
			children = (
				1C8A75A01A9451FC00852CFE /* MonthWorkingCalendarViewController.h */,
				1C8A75A11A9451FC00852CFE /* MonthWorkingCalendarViewController.m */,
				1C8A75A21A9451FC00852CFE /* RDVCalendarView+Extension.h */,
				1C8A75A31A9451FC00852CFE /* RDVCalendarView+Extension.m */,
				1C8A75A41A9451FC00852CFE /* WorkingCalendarView.h */,
				1C8A75A51A9451FC00852CFE /* WorkingCalendarView.m */,
				1C8A75A61A9451FC00852CFE /* WorkingDayCell.h */,
				1C8A75A71A9451FC00852CFE /* WorkingDayCell.m */,
			);
			path = calendar;
			sourceTree = "<group>";
		};
		1C96439B1A32AB00005452CB /* res */ = {
			isa = PBXGroup;
			children = (
				1C9643A01A32AB1F005452CB /* font */,
				3B469FB318B89D3A0095C418 /* Images.xcassets */,
			);
			path = res;
			sourceTree = "<group>";
		};
		1C9643A01A32AB1F005452CB /* font */ = {
			isa = PBXGroup;
			children = (
				1C96439C1A32AB00005452CB /* NanumBarunGothic.ttf */,
				1C96439D1A32AB00005452CB /* NanumBarunGothicBold.ttf */,
			);
			path = font;
			sourceTree = "<group>";
		};
		1CAAA21B196621F800A053C7 /* information */ = {
			isa = PBXGroup;
			children = (
				1CAAA21C1966222C00A053C7 /* AppInfo.storyboard */,
				1CAAA21E1966224300A053C7 /* AppInformationViewController.h */,
				1CAAA21F1966224300A053C7 /* AppInformationViewController.m */,
				1CAAA2211966225900A053C7 /* OpenSourceLicenseViewController.h */,
				1CAAA2221966225900A053C7 /* OpenSourceLicenseViewController.m */,
				1CAAA2241966252400A053C7 /* license.html */,
				1CAAA2261966261300A053C7 /* kjcodeInfo.html */,
			);
			path = information;
			sourceTree = "<group>";
		};
		1CB7F8B01965691B002446CB /* tutorial */ = {
			isa = PBXGroup;
			children = (
				1CB7F8B119656935002446CB /* Tutorial.storyboard */,
				1CB7F8B319656952002446CB /* TutorialViewController.h */,
				1CB7F8B419656952002446CB /* TutorialViewController.m */,
			);
			path = tutorial;
			sourceTree = "<group>";
		};
		3B340F3818DD98CC008F6E1E /* utils */ = {
			isa = PBXGroup;
			children = (
				3B65970F191759F00075AB24 /* NSDate+Helper.h */,
				3B659710191759F00075AB24 /* NSDate+Helper.m */,
				3B782546195EC69E003D408D /* UIColor+Helper.h */,
				3B782547195EC69E003D408D /* UIColor+Helper.m */,
				3B6AFEDC18E6857100501C94 /* Util.h */,
				3B6AFEDD18E6857100501C94 /* Util.m */,
				1CB3063D196F845600D8BF54 /* NSError+Common.h */,
				1CB3063E196F845600D8BF54 /* NSError+Common.m */,
				1C9643A31A32AC1B005452CB /* UIFont+Helper.h */,
				1C9643A41A32AC1B005452CB /* UIFont+Helper.m */,
			);
			path = utils;
			sourceTree = "<group>";
		};
		3B340F3918DD99D4008F6E1E /* menu */ = {
			isa = PBXGroup;
			children = (
				3B340F3A18DD99EF008F6E1E /* Menu.storyboard */,
				3B340F3C18DD99FE008F6E1E /* MenuViewController.h */,
				3B340F3D18DD99FE008F6E1E /* MenuViewController.m */,
				1C8A759A1A944D6200852CFE /* HistoryEditViewController.h */,
				1C8A759B1A944D6200852CFE /* HistoryEditViewController.m */,
			);
			path = menu;
			sourceTree = "<group>";
		};
		3B469F8F18B89D3A0095C418 = {
			isa = PBXGroup;
			children = (
				3B469FA118B89D3A0095C418 /* Hakenman */,
				3B469FC018B89D3A0095C418 /* HakenmanTests */,
				5F1BFED61BA7D1C400C06059 /* Hakenman WatchKit Extension */,
				5F1BFEEB1BA7D1C400C06059 /* Hakenman WatchKit App */,
				3B469F9A18B89D3A0095C418 /* Frameworks */,
				3B469F9918B89D3A0095C418 /* Products */,
				C3ED541724320CFD6231CCC5 /* Pods */,
			);
			sourceTree = "<group>";
		};
		3B469F9918B89D3A0095C418 /* Products */ = {
			isa = PBXGroup;
			children = (
				3B469F9818B89D3A0095C418 /* Hakenman.app */,
				3B469FB918B89D3A0095C418 /* HakenmanTests.xctest */,
				5F1BFED51BA7D1C400C06059 /* Hakenman WatchKit Extension.appex */,
				5F1BFEE71BA7D1C400C06059 /* Hakenman WatchKit App.app */,
			);
			name = Products;
			sourceTree = "<group>";
		};
		3B469F9A18B89D3A0095C418 /* Frameworks */ = {
			isa = PBXGroup;
			children = (
				3D28B8891AA48379005FAD32 /* GoogleMobileAds.framework */,
				3DC90F3D1A87BA5C008A42BF /* iAd.framework */,
				1C3442EF1A0F439800367BF4 /* StoreKit.framework */,
				1C3461AF1A0CFE6400CD046F /* libPods-GoogleAnalytics-iOS-SDK.a */,
				1C3461AD1A0CFBA100CD046F /* libPods-GoogleAnalytics-iOS-SDK.a */,
				1C9BAAAC19C1E6D30076A79C /* Accounts.framework */,
				1C9BAAAA19C1E69C0076A79C /* Bolts.framework */,
				1C9BAAA819C1E6620076A79C /* Social.framework */,
				1C22AF0D19C1D7A9004196EC /* SystemConfiguration.framework */,
				1C22AF0919C1D790004196EC /* Security.framework */,
				1C22AF0719C1D783004196EC /* MobileCoreServices.framework */,
				1C22AF0519C1D779004196EC /* libz.dylib */,
				1C22AF0319C1D763004196EC /* CoreLocation.framework */,
				1C22AF0119C1D755004196EC /* CFNetwork.framework */,
				1C22AEFF19C1D74A004196EC /* AudioToolbox.framework */,
				1C22AEFA19C1D6FA004196EC /* Parse.framework */,
				1CBFDAA719793374001A51D5 /* SenTestingKit.framework */,
				1CA7EF981967F1BD001772C9 /* QuartzCore.framework */,
				1CF2D6FA1964D1240062B0C1 /* MessageUI.framework */,
				3B469FE718B8B0420095C418 /* CoreData.framework */,
				3B469F9B18B89D3A0095C418 /* Foundation.framework */,
				3B469F9D18B89D3A0095C418 /* CoreGraphics.framework */,
				3B469F9F18B89D3A0095C418 /* UIKit.framework */,
				3B469FBA18B89D3A0095C418 /* XCTest.framework */,
				F572CE3580F6449BBEA9BF3B /* libPods.a */,
			);
			name = Frameworks;
			sourceTree = "<group>";
		};
		3B469FA118B89D3A0095C418 /* Hakenman */ = {
			isa = PBXGroup;
			children = (
				5F1BFED01BA7A7FA00C06059 /* Hakenman.entitlements */,
				3DC90F3F1A87BA68008A42BF /* advertising */,
				3B8FA71618DDEFB900A1182E /* const.h */,
				3B469FAA18B89D3A0095C418 /* AppDelegate.h */,
				3B469FAB18B89D3A0095C418 /* AppDelegate.m */,
				3B6AFEEE18E69DF800501C94 /* dummy */,
				3B9CEA1A18DD44F9000E4FF3 /* dao */,
				3B469FD018B8AB3E0095C418 /* model */,
				3BC0E3B418DD72CE0062B07A /* screen */,
				3B340F3818DD98CC008F6E1E /* utils */,
				3B469FA218B89D3A0095C418 /* Supporting Files */,
				1C96439B1A32AB00005452CB /* res */,
			);
			path = Hakenman;
			sourceTree = "<group>";
		};
		3B469FA218B89D3A0095C418 /* Supporting Files */ = {
			isa = PBXGroup;
			children = (
				3B469FA318B89D3A0095C418 /* Hakenman-Info.plist */,
				3B469FA418B89D3A0095C418 /* InfoPlist.strings */,
				3B469FA718B89D3A0095C418 /* main.m */,
				3B469FA918B89D3A0095C418 /* Hakenman-Prefix.pch */,
				3B8FA71D18DDF17D00A1182E /* Localizable.strings */,
			);
			name = "Supporting Files";
			sourceTree = "<group>";
		};
		3B469FC018B89D3A0095C418 /* HakenmanTests */ = {
			isa = PBXGroup;
			children = (
				3B469FC618B89D3A0095C418 /* HakenmanTests.m */,
				3B469FC118B89D3A0095C418 /* Supporting Files */,
			);
			path = HakenmanTests;
			sourceTree = "<group>";
		};
		3B469FC118B89D3A0095C418 /* Supporting Files */ = {
			isa = PBXGroup;
			children = (
				3B469FC218B89D3A0095C418 /* HakenmanTests-Info.plist */,
				3B469FC318B89D3A0095C418 /* InfoPlist.strings */,
			);
			name = "Supporting Files";
			sourceTree = "<group>";
		};
		3B469FD018B8AB3E0095C418 /* model */ = {
			isa = PBXGroup;
			children = (
				3B469FD118B8AB740095C418 /* hakenModel.xcdatamodeld */,
				3B8CB23D1942EDD900CD922E /* FileData.h */,
				3B8CB23E1942EDD900CD922E /* FileData.m */,
				3B8CB2431942EDD900CD922E /* SiteInfo.h */,
				3B8CB2441942EDD900CD922E /* SiteInfo.m */,
				3B8CB2401942EDD900CD922E /* MailContent.h */,
				3B8CB2411942EDD900CD922E /* MailContent.m */,
				3B6CC8AD195D4A8D00F64041 /* TimeCard.h */,
				3B6CC8AE195D4A8D00F64041 /* TimeCard.m */,
				3B6CC8B0195D4A8D00F64041 /* TimeCardSummary.h */,
				3B6CC8B1195D4A8D00F64041 /* TimeCardSummary.m */,
			);
			path = model;
			sourceTree = "<group>";
		};
		3B6AFEEE18E69DF800501C94 /* dummy */ = {
			isa = PBXGroup;
			children = (
			);
			path = dummy;
			sourceTree = "<group>";
		};
		3B9CEA1A18DD44F9000E4FF3 /* dao */ = {
			isa = PBXGroup;
			children = (
				3B9CEA1B18DD4521000E4FF3 /* DBManager.h */,
				3B9CEA1C18DD4521000E4FF3 /* DBManager.m */,
				3B9CEA2418DD690C000E4FF3 /* ModelDao.h */,
				3B9CEA2518DD690C000E4FF3 /* ModelDao.m */,
				3B9CEA1E18DD458F000E4FF3 /* TimeCardDao.h */,
				3B9CEA1F18DD458F000E4FF3 /* TimeCardDao.m */,
				3B8CB253194315DB00CD922E /* TimeCardSummaryDao.h */,
				3B8CB254194315DB00CD922E /* TimeCardSummaryDao.m */,
				3B6AFEDF18E6874200501C94 /* FileDataDao.h */,
				3B6AFEE018E6874200501C94 /* FileDataDao.m */,
				3B6AFEE818E69C6300501C94 /* MailContentsDao.h */,
				3B6AFEE918E69C6300501C94 /* MailContentsDao.m */,
			);
			path = dao;
			sourceTree = "<group>";
		};
		3BC0E3B418DD72CE0062B07A /* screen */ = {
			isa = PBXGroup;
			children = (
				1CAAA21B196621F800A053C7 /* information */,
				1CB7F8B01965691B002446CB /* tutorial */,
				3BC0E3CB18DD75310062B07A /* KJViewController.h */,
				3BC0E3CC18DD75310062B07A /* KJViewController.m */,
				3B6CC8B6195D5D1200F64041 /* StoryboardUtil.h */,
				3B6CC8B7195D5D1200F64041 /* StoryboardUtil.m */,
				3BC0E3D418DD75FD0062B07A /* top */,
				3BC0E3B618DD72CE0062B07A /* setting */,
				3B340F3918DD99D4008F6E1E /* menu */,
				1C1B827E1A0DD4A800E7FB4A /* CsvExportProtocol.h */,
			);
			path = screen;
			sourceTree = "<group>";
		};
		3BC0E3B618DD72CE0062B07A /* setting */ = {
			isa = PBXGroup;
			children = (
				3B8FA72118DDF59400A1182E /* NSUserDefaults+Setting.h */,
				3B8FA72218DDF59400A1182E /* NSUserDefaults+Setting.m */,
				3BC0E3C318DD737C0062B07A /* Setting.storyboard */,
				3BC0E3C818DD74D80062B07A /* SettingViewController.h */,
				3BC0E3C918DD74D80062B07A /* SettingViewController.m */,
				1C3442F11A0F43C100367BF4 /* KJStoreProductViewController.h */,
				1C3442F21A0F43C100367BF4 /* KJStoreProductViewController.m */,
			);
			path = setting;
			sourceTree = "<group>";
		};
		3BC0E3D418DD75FD0062B07A /* top */ = {
			isa = PBXGroup;
			children = (
				1C8A759F1A9451FC00852CFE /* calendar */,
				1C8A759E1A9451DE00852CFE /* edit */,
				1C8A759D1A9451C200852CFE /* sheet */,
				3BC0E3E118DD76460062B07A /* Top.storyboard */,
				1C8A75AC1A94528300852CFE /* BorderLabel.h */,
				1C8A75AD1A94528300852CFE /* BorderLabel.m */,
				3B23F21218E6C48B00518106 /* LineGraphView.h */,
				3B23F21318E6C48B00518106 /* LineGraphView.m */,
				3BC0E3DB18DD75FD0062B07A /* TopViewController.h */,
				3BC0E3DC18DD75FD0062B07A /* TopViewController.m */,
				3B8CB24D1942EFC200CD922E /* TodayTableViewCell.h */,
				3B8CB24E1942EFC200CD922E /* TodayTableViewCell.m */,
				3B8CB2501942EFDC00CD922E /* MonthTableViewCell.h */,
				3B8CB2511942EFDC00CD922E /* MonthTableViewCell.m */,
			);
			path = top;
			sourceTree = "<group>";
		};
		3DC90F3F1A87BA68008A42BF /* advertising */ = {
			isa = PBXGroup;
			children = (
				3DC90F401A87BA8B008A42BF /* AdvertisingManager.h */,
				3DC90F631A87BA8B008A42BF /* AdvertisingManager.m */,
			);
			name = advertising;
			sourceTree = "<group>";
		};
		5F1BFED61BA7D1C400C06059 /* Hakenman WatchKit Extension */ = {
			isa = PBXGroup;
			children = (
				5F1BFEFD1BA7D21700C06059 /* Hakenman WatchKit Extension.entitlements */,
				5F1BFEDA1BA7D1C400C06059 /* InterfaceController.h */,
				5F1BFEDB1BA7D1C400C06059 /* InterfaceController.m */,
				5F084C981BBA593900AF5FDF /* MonthlyWorkTableRowController.h */,
				5F084C991BBA593900AF5FDF /* MonthlyWorkTableRowController.m */,
				5F084C951BBA52C300AF5FDF /* DetailInterfaceController.h */,
				5F084C961BBA52C300AF5FDF /* DetailInterfaceController.m */,
				5F084C9B1BBA594900AF5FDF /* DailyWorkTableRowController.h */,
				5F084C9C1BBA594900AF5FDF /* DailyWorkTableRowController.m */,
				5F1BFEE01BA7D1C400C06059 /* GlanceController.h */,
				5F1BFEE11BA7D1C400C06059 /* GlanceController.m */,
				5F1BFEDD1BA7D1C400C06059 /* NotificationController.h */,
				5F1BFEDE1BA7D1C400C06059 /* NotificationController.m */,
				5F1BFEE31BA7D1C400C06059 /* Images.xcassets */,
				5F1BFED71BA7D1C400C06059 /* Supporting Files */,
			);
			path = "Hakenman WatchKit Extension";
			sourceTree = "<group>";
		};
		5F1BFED71BA7D1C400C06059 /* Supporting Files */ = {
			isa = PBXGroup;
			children = (
				5F1BFED81BA7D1C400C06059 /* Info.plist */,
				5F1BFED91BA7D1C400C06059 /* PushNotificationPayload.apns */,
			);
			name = "Supporting Files";
			sourceTree = "<group>";
		};
		5F1BFEEB1BA7D1C400C06059 /* Hakenman WatchKit App */ = {
			isa = PBXGroup;
			children = (
				5F1BFEEE1BA7D1C400C06059 /* Interface.storyboard */,
				5F1BFEF11BA7D1C400C06059 /* Images.xcassets */,
				5F1BFEEC1BA7D1C400C06059 /* Supporting Files */,
			);
			path = "Hakenman WatchKit App";
			sourceTree = "<group>";
		};
		5F1BFEEC1BA7D1C400C06059 /* Supporting Files */ = {
			isa = PBXGroup;
			children = (
				5F1BFEED1BA7D1C400C06059 /* Info.plist */,
			);
			name = "Supporting Files";
			sourceTree = "<group>";
		};
		C3ED541724320CFD6231CCC5 /* Pods */ = {
			isa = PBXGroup;
			children = (
				3855FA515F94487752ABE36A /* Pods.debug.xcconfig */,
				2834EA20A72D32E2759FD016 /* Pods.release.xcconfig */,
			);
			name = Pods;
			sourceTree = "<group>";
		};
/* End PBXGroup section */

/* Begin PBXNativeTarget section */
		3B469F9718B89D3A0095C418 /* Hakenman */ = {
			isa = PBXNativeTarget;
			buildConfigurationList = 3B469FCA18B89D3A0095C418 /* Build configuration list for PBXNativeTarget "Hakenman" */;
			buildPhases = (
				76DCA8054B724053AE1ACDAA /* Check Pods Manifest.lock */,
				3B469F9418B89D3A0095C418 /* Sources */,
				3B469F9518B89D3A0095C418 /* Frameworks */,
				3B469F9618B89D3A0095C418 /* Resources */,
				E4FFF997B8BF4FFBB8FED2AB /* Copy Pods Resources */,
				5F1BFEFC1BA7D1C400C06059 /* Embed App Extensions */,
			);
			buildRules = (
			);
			dependencies = (
				5F1BFEF41BA7D1C400C06059 /* PBXTargetDependency */,
			);
			name = Hakenman;
			productName = Hakenman;
			productReference = 3B469F9818B89D3A0095C418 /* Hakenman.app */;
			productType = "com.apple.product-type.application";
		};
		3B469FB818B89D3A0095C418 /* HakenmanTests */ = {
			isa = PBXNativeTarget;
			buildConfigurationList = 3B469FCD18B89D3A0095C418 /* Build configuration list for PBXNativeTarget "HakenmanTests" */;
			buildPhases = (
				3B469FB518B89D3A0095C418 /* Sources */,
				3B469FB618B89D3A0095C418 /* Frameworks */,
				3B469FB718B89D3A0095C418 /* Resources */,
			);
			buildRules = (
			);
			dependencies = (
				3B469FBF18B89D3A0095C418 /* PBXTargetDependency */,
			);
			name = HakenmanTests;
			productName = HakenmanTests;
			productReference = 3B469FB918B89D3A0095C418 /* HakenmanTests.xctest */;
			productType = "com.apple.product-type.bundle.unit-test";
		};
		5F1BFED41BA7D1C400C06059 /* Hakenman WatchKit Extension */ = {
			isa = PBXNativeTarget;
			buildConfigurationList = 5F1BFEF91BA7D1C400C06059 /* Build configuration list for PBXNativeTarget "Hakenman WatchKit Extension" */;
			buildPhases = (
				5F1BFED11BA7D1C400C06059 /* Sources */,
				5F1BFED21BA7D1C400C06059 /* Frameworks */,
				5F1BFED31BA7D1C400C06059 /* Resources */,
			);
			buildRules = (
			);
			dependencies = (
				5F1BFEEA1BA7D1C400C06059 /* PBXTargetDependency */,
			);
			name = "Hakenman WatchKit Extension";
			productName = "Hakenman WatchKit Extension";
			productReference = 5F1BFED51BA7D1C400C06059 /* Hakenman WatchKit Extension.appex */;
			productType = "com.apple.product-type.watchkit-extension";
		};
		5F1BFEE61BA7D1C400C06059 /* Hakenman WatchKit App */ = {
			isa = PBXNativeTarget;
			buildConfigurationList = 5F1BFEF61BA7D1C400C06059 /* Build configuration list for PBXNativeTarget "Hakenman WatchKit App" */;
			buildPhases = (
				5F1BFEE51BA7D1C400C06059 /* Resources */,
			);
			buildRules = (
			);
			dependencies = (
			);
			name = "Hakenman WatchKit App";
			productName = "Hakenman WatchKit App";
			productReference = 5F1BFEE71BA7D1C400C06059 /* Hakenman WatchKit App.app */;
			productType = "com.apple.product-type.application.watchapp";
		};
/* End PBXNativeTarget section */

/* Begin PBXProject section */
		3B469F9018B89D3A0095C418 /* Project object */ = {
			isa = PBXProject;
			attributes = {
				LastUpgradeCheck = 0610;
				ORGANIZATIONNAME = kjcode;
				TargetAttributes = {
					3B469F9718B89D3A0095C418 = {
						DevelopmentTeam = Y8RKPBJ3Y3;
						SystemCapabilities = {
							com.apple.ApplicationGroups.iOS = {
								enabled = 1;
							};
						};
					};
					3B469FB818B89D3A0095C418 = {
						TestTargetID = 3B469F9718B89D3A0095C418;
					};
					5F1BFED41BA7D1C400C06059 = {
						CreatedOnToolsVersion = 6.2;
						DevelopmentTeam = Y8RKPBJ3Y3;
						SystemCapabilities = {
							com.apple.ApplicationGroups.iOS = {
								enabled = 1;
							};
						};
					};
					5F1BFEE61BA7D1C400C06059 = {
						CreatedOnToolsVersion = 6.2;
					};
				};
			};
			buildConfigurationList = 3B469F9318B89D3A0095C418 /* Build configuration list for PBXProject "Hakenman" */;
			compatibilityVersion = "Xcode 3.2";
			developmentRegion = English;
			hasScannedForEncodings = 0;
			knownRegions = (
				en,
				Base,
				ja,
				ko,
			);
			mainGroup = 3B469F8F18B89D3A0095C418;
			productRefGroup = 3B469F9918B89D3A0095C418 /* Products */;
			projectDirPath = "";
			projectRoot = "";
			targets = (
				3B469F9718B89D3A0095C418 /* Hakenman */,
				3B469FB818B89D3A0095C418 /* HakenmanTests */,
				5F1BFED41BA7D1C400C06059 /* Hakenman WatchKit Extension */,
				5F1BFEE61BA7D1C400C06059 /* Hakenman WatchKit App */,
			);
		};
/* End PBXProject section */

/* Begin PBXResourcesBuildPhase section */
		3B469F9618B89D3A0095C418 /* Resources */ = {
			isa = PBXResourcesBuildPhase;
			buildActionMask = 2147483647;
			files = (
				3B469FB418B89D3A0095C418 /* Images.xcassets in Resources */,
				1CB7F8B219656935002446CB /* Tutorial.storyboard in Resources */,
				3BC0E3E218DD76460062B07A /* Top.storyboard in Resources */,
				1C96439E1A32AB01005452CB /* NanumBarunGothic.ttf in Resources */,
				1CAAA2251966252400A053C7 /* license.html in Resources */,
				3B340F3B18DD99EF008F6E1E /* Menu.storyboard in Resources */,
				1C96439F1A32AB01005452CB /* NanumBarunGothicBold.ttf in Resources */,
				3B469FA618B89D3A0095C418 /* InfoPlist.strings in Resources */,
				3B8FA71F18DDF17D00A1182E /* Localizable.strings in Resources */,
				1CAAA21D1966222C00A053C7 /* AppInfo.storyboard in Resources */,
				1CAAA2271966261300A053C7 /* kjcodeInfo.html in Resources */,
				3BC0E3C418DD737C0062B07A /* Setting.storyboard in Resources */,
			);
			runOnlyForDeploymentPostprocessing = 0;
		};
		3B469FB718B89D3A0095C418 /* Resources */ = {
			isa = PBXResourcesBuildPhase;
			buildActionMask = 2147483647;
			files = (
				1C9643A21A32AB6C005452CB /* NanumBarunGothicBold.ttf in Resources */,
				3B469FC518B89D3A0095C418 /* InfoPlist.strings in Resources */,
				1C9643A11A32AB6C005452CB /* NanumBarunGothic.ttf in Resources */,
			);
			runOnlyForDeploymentPostprocessing = 0;
		};
		5F1BFED31BA7D1C400C06059 /* Resources */ = {
			isa = PBXResourcesBuildPhase;
			buildActionMask = 2147483647;
			files = (
				5F1BFEE41BA7D1C400C06059 /* Images.xcassets in Resources */,
				5F1BFEE81BA7D1C400C06059 /* Hakenman WatchKit App.app in Resources */,
			);
			runOnlyForDeploymentPostprocessing = 0;
		};
		5F1BFEE51BA7D1C400C06059 /* Resources */ = {
			isa = PBXResourcesBuildPhase;
			buildActionMask = 2147483647;
			files = (
				5F1BFEF01BA7D1C400C06059 /* Interface.storyboard in Resources */,
				5F1BFEF21BA7D1C400C06059 /* Images.xcassets in Resources */,
			);
			runOnlyForDeploymentPostprocessing = 0;
		};
/* End PBXResourcesBuildPhase section */

/* Begin PBXShellScriptBuildPhase section */
		76DCA8054B724053AE1ACDAA /* Check Pods Manifest.lock */ = {
			isa = PBXShellScriptBuildPhase;
			buildActionMask = 2147483647;
			files = (
			);
			inputPaths = (
			);
			name = "Check Pods Manifest.lock";
			outputPaths = (
			);
			runOnlyForDeploymentPostprocessing = 0;
			shellPath = /bin/sh;
			shellScript = "diff \"${PODS_ROOT}/../Podfile.lock\" \"${PODS_ROOT}/Manifest.lock\" > /dev/null\nif [[ $? != 0 ]] ; then\n    cat << EOM\nerror: The sandbox is not in sync with the Podfile.lock. Run 'pod install' or update your CocoaPods installation.\nEOM\n    exit 1\nfi\n";
			showEnvVarsInLog = 0;
		};
		E4FFF997B8BF4FFBB8FED2AB /* Copy Pods Resources */ = {
			isa = PBXShellScriptBuildPhase;
			buildActionMask = 2147483647;
			files = (
			);
			inputPaths = (
			);
			name = "Copy Pods Resources";
			outputPaths = (
			);
			runOnlyForDeploymentPostprocessing = 0;
			shellPath = /bin/sh;
			shellScript = "\"${SRCROOT}/Pods/Target Support Files/Pods/Pods-resources.sh\"\n";
			showEnvVarsInLog = 0;
		};
/* End PBXShellScriptBuildPhase section */

/* Begin PBXSourcesBuildPhase section */
		3B469F9418B89D3A0095C418 /* Sources */ = {
			isa = PBXSourcesBuildPhase;
			buildActionMask = 2147483647;
			files = (
				3B9CEA2618DD690C000E4FF3 /* ModelDao.m in Sources */,
				1C8A75A81A9451FC00852CFE /* MonthWorkingCalendarViewController.m in Sources */,
				1CB7F8B519656952002446CB /* TutorialViewController.m in Sources */,
				1C8A75C01A9452AE00852CFE /* LeftTableViewData.m in Sources */,
				1C8A75C31A9452AE00852CFE /* RightTableViewData.m in Sources */,
				3B8CB2451942EDD900CD922E /* SiteInfo.m in Sources */,
				3BC0E3CA18DD74D80062B07A /* SettingViewController.m in Sources */,
				1C8A75AE1A94528300852CFE /* BorderLabel.m in Sources */,
				3B6AFEDE18E6857100501C94 /* Util.m in Sources */,
				3B340F3E18DD99FE008F6E1E /* MenuViewController.m in Sources */,
				3BC0E3CD18DD75310062B07A /* KJViewController.m in Sources */,
				3B8CB23F1942EDD900CD922E /* FileData.m in Sources */,
				3B9CEA1D18DD4521000E4FF3 /* DBManager.m in Sources */,
				3B23F21418E6C48B00518106 /* LineGraphView.m in Sources */,
				1C9643A51A32AC1B005452CB /* UIFont+Helper.m in Sources */,
				1C8A75C11A9452AE00852CFE /* MonthWorkingTableViewController.m in Sources */,
				3B469FAC18B89D3A0095C418 /* AppDelegate.m in Sources */,
				1C8A75BF1A9452AE00852CFE /* LeftTableViewCell.m in Sources */,
				3B659711191759F00075AB24 /* NSDate+Helper.m in Sources */,
				1C8A75AB1A9451FC00852CFE /* WorkingDayCell.m in Sources */,
				1C8A75AA1A9451FC00852CFE /* WorkingCalendarView.m in Sources */,
				3B469FA818B89D3A0095C418 /* main.m in Sources */,
				1C8A759C1A944D6200852CFE /* HistoryEditViewController.m in Sources */,
				3B6CC8B8195D5D1200F64041 /* StoryboardUtil.m in Sources */,
				3B469FD318B8AB740095C418 /* hakenModel.xcdatamodeld in Sources */,
				1CAAA2201966224300A053C7 /* AppInformationViewController.m in Sources */,
				1C8A75A91A9451FC00852CFE /* RDVCalendarView+Extension.m in Sources */,
				1CB3063F196F845600D8BF54 /* NSError+Common.m in Sources */,
				1C8A75C21A9452AE00852CFE /* RightTableViewCell.m in Sources */,
				3B8CB24F1942EFC200CD922E /* TodayTableViewCell.m in Sources */,
				1CAAA2231966225900A053C7 /* OpenSourceLicenseViewController.m in Sources */,
				1C8A75B31A94529200852CFE /* EditTimeTableViewCell.m in Sources */,
				3B6CC8B2195D4A8D00F64041 /* TimeCardSummary.m in Sources */,
				3B6AFEE118E6874200501C94 /* FileDataDao.m in Sources */,
				3B8CB2521942EFDC00CD922E /* MonthTableViewCell.m in Sources */,
				1C3442F31A0F43C100367BF4 /* KJStoreProductViewController.m in Sources */,
				3B6CC8AF195D4A8D00F64041 /* TimeCard.m in Sources */,
				3B8FA72318DDF59400A1182E /* NSUserDefaults+Setting.m in Sources */,
				3B782548195EC69E003D408D /* UIColor+Helper.m in Sources */,
				1C8A75B41A94529200852CFE /* SwitchButtonTableViewCell.m in Sources */,
				1C8A75C61A9452CC00852CFE /* MonthWorkingTableEditViewController.m in Sources */,
				3B8CB2421942EDD900CD922E /* MailContent.m in Sources */,
				3B6AFEEA18E69C6300501C94 /* MailContentsDao.m in Sources */,
				3BC0E3E018DD75FD0062B07A /* TopViewController.m in Sources */,
				3B9CEA2018DD458F000E4FF3 /* TimeCardDao.m in Sources */,
				3DC90F661A87BA8B008A42BF /* AdvertisingManager.m in Sources */,
				3B8CB255194315DB00CD922E /* TimeCardSummaryDao.m in Sources */,
			);
			runOnlyForDeploymentPostprocessing = 0;
		};
		3B469FB518B89D3A0095C418 /* Sources */ = {
			isa = PBXSourcesBuildPhase;
			buildActionMask = 2147483647;
			files = (
				3B469FC718B89D3A0095C418 /* HakenmanTests.m in Sources */,
			);
			runOnlyForDeploymentPostprocessing = 0;
		};
		5F1BFED11BA7D1C400C06059 /* Sources */ = {
			isa = PBXSourcesBuildPhase;
			buildActionMask = 2147483647;
			files = (
				5F7C2B141BBBBAEB0025F370 /* NSUserDefaults+Setting.m in Sources */,
				5F084C9A1BBA593900AF5FDF /* MonthlyWorkTableRowController.m in Sources */,
				5F2BC5F51BB90599000BECB2 /* MailContent.m in Sources */,
				5F084C9D1BBA594900AF5FDF /* DailyWorkTableRowController.m in Sources */,
				5F2BC6011BB91291000BECB2 /* TimeCardDao.m in Sources */,
				5F2BC5F41BB90596000BECB2 /* SiteInfo.m in Sources */,
				5F2BC5F31BB90593000BECB2 /* FileData.m in Sources */,
				5F2BC5F71BB9059D000BECB2 /* TimeCardSummary.m in Sources */,
				5F1BFEDF1BA7D1C400C06059 /* NotificationController.m in Sources */,
				5F084C971BBA52C300AF5FDF /* DetailInterfaceController.m in Sources */,
				5F7C2B121BBBB9AE0025F370 /* NSDate+Helper.m in Sources */,
				5F1BFEDC1BA7D1C400C06059 /* InterfaceController.m in Sources */,
				5F1BFEE21BA7D1C400C06059 /* GlanceController.m in Sources */,
				5F2BC5F61BB9059B000BECB2 /* TimeCard.m in Sources */,
				5F2BC5F21BB90588000BECB2 /* hakenModel.xcdatamodeld in Sources */,
				5F2BC5FC1BB911C2000BECB2 /* DBManager.m in Sources */,
				5F2BC6001BB9128D000BECB2 /* ModelDao.m in Sources */,
				5F2BC6081BB914B0000BECB2 /* TimeCardSummaryDao.m in Sources */,
			);
			runOnlyForDeploymentPostprocessing = 0;
		};
/* End PBXSourcesBuildPhase section */

/* Begin PBXTargetDependency section */
		3B469FBF18B89D3A0095C418 /* PBXTargetDependency */ = {
			isa = PBXTargetDependency;
			target = 3B469F9718B89D3A0095C418 /* Hakenman */;
			targetProxy = 3B469FBE18B89D3A0095C418 /* PBXContainerItemProxy */;
		};
		5F1BFEEA1BA7D1C400C06059 /* PBXTargetDependency */ = {
			isa = PBXTargetDependency;
			target = 5F1BFEE61BA7D1C400C06059 /* Hakenman WatchKit App */;
			targetProxy = 5F1BFEE91BA7D1C400C06059 /* PBXContainerItemProxy */;
		};
		5F1BFEF41BA7D1C400C06059 /* PBXTargetDependency */ = {
			isa = PBXTargetDependency;
			target = 5F1BFED41BA7D1C400C06059 /* Hakenman WatchKit Extension */;
			targetProxy = 5F1BFEF31BA7D1C400C06059 /* PBXContainerItemProxy */;
		};
/* End PBXTargetDependency section */

/* Begin PBXVariantGroup section */
		3B469FA418B89D3A0095C418 /* InfoPlist.strings */ = {
			isa = PBXVariantGroup;
			children = (
				3B469FA518B89D3A0095C418 /* en */,
				3B8FA71718DDF0D100A1182E /* ja */,
				3D2980671987B66900018BAD /* ko */,
			);
			name = InfoPlist.strings;
			sourceTree = "<group>";
		};
		3B469FC318B89D3A0095C418 /* InfoPlist.strings */ = {
			isa = PBXVariantGroup;
			children = (
				3B469FC418B89D3A0095C418 /* en */,
				3B8FA71818DDF0D200A1182E /* ja */,
				3D2980691987B66900018BAD /* ko */,
			);
			name = InfoPlist.strings;
			sourceTree = "<group>";
		};
		3B8FA71D18DDF17D00A1182E /* Localizable.strings */ = {
			isa = PBXVariantGroup;
			children = (
				3B8FA71E18DDF17D00A1182E /* en */,
				3B8FA72018DDF18100A1182E /* ja */,
				3D2980681987B66900018BAD /* ko */,
			);
			name = Localizable.strings;
			sourceTree = "<group>";
		};
		5F1BFEEE1BA7D1C400C06059 /* Interface.storyboard */ = {
			isa = PBXVariantGroup;
			children = (
				5F1BFEEF1BA7D1C400C06059 /* Base */,
			);
			name = Interface.storyboard;
			sourceTree = "<group>";
		};
/* End PBXVariantGroup section */

/* Begin XCBuildConfiguration section */
		3B469FC818B89D3A0095C418 /* Debug */ = {
			isa = XCBuildConfiguration;
			buildSettings = {
				ALWAYS_SEARCH_USER_PATHS = NO;
				CLANG_CXX_LANGUAGE_STANDARD = "gnu++0x";
				CLANG_CXX_LIBRARY = "libc++";
				CLANG_ENABLE_MODULES = YES;
				CLANG_ENABLE_OBJC_ARC = YES;
				CLANG_WARN_BOOL_CONVERSION = YES;
				CLANG_WARN_CONSTANT_CONVERSION = YES;
				CLANG_WARN_DIRECT_OBJC_ISA_USAGE = YES_ERROR;
				CLANG_WARN_EMPTY_BODY = YES;
				CLANG_WARN_ENUM_CONVERSION = YES;
				CLANG_WARN_INT_CONVERSION = YES;
				CLANG_WARN_OBJC_ROOT_CLASS = YES_ERROR;
				CLANG_WARN__DUPLICATE_METHOD_MATCH = YES;
				"CODE_SIGN_IDENTITY[sdk=iphoneos*]" = "iPhone Developer";
				COPY_PHASE_STRIP = NO;
				GCC_C_LANGUAGE_STANDARD = gnu99;
				GCC_DYNAMIC_NO_PIC = NO;
				GCC_OPTIMIZATION_LEVEL = 0;
				GCC_PREPROCESSOR_DEFINITIONS = (
					"DEBUG=1",
					"$(inherited)",
				);
				GCC_SYMBOLS_PRIVATE_EXTERN = NO;
				GCC_WARN_64_TO_32_BIT_CONVERSION = YES;
				GCC_WARN_ABOUT_RETURN_TYPE = YES_ERROR;
				GCC_WARN_UNDECLARED_SELECTOR = YES;
				GCC_WARN_UNINITIALIZED_AUTOS = YES;
				GCC_WARN_UNUSED_FUNCTION = YES;
				GCC_WARN_UNUSED_VARIABLE = YES;
				IPHONEOS_DEPLOYMENT_TARGET = 7.0;
				ONLY_ACTIVE_ARCH = YES;
				SDKROOT = iphoneos;
			};
			name = Debug;
		};
		3B469FC918B89D3A0095C418 /* Release */ = {
			isa = XCBuildConfiguration;
			buildSettings = {
				ALWAYS_SEARCH_USER_PATHS = NO;
				CLANG_CXX_LANGUAGE_STANDARD = "gnu++0x";
				CLANG_CXX_LIBRARY = "libc++";
				CLANG_ENABLE_MODULES = YES;
				CLANG_ENABLE_OBJC_ARC = YES;
				CLANG_WARN_BOOL_CONVERSION = YES;
				CLANG_WARN_CONSTANT_CONVERSION = YES;
				CLANG_WARN_DIRECT_OBJC_ISA_USAGE = YES_ERROR;
				CLANG_WARN_EMPTY_BODY = YES;
				CLANG_WARN_ENUM_CONVERSION = YES;
				CLANG_WARN_INT_CONVERSION = YES;
				CLANG_WARN_OBJC_ROOT_CLASS = YES_ERROR;
				CLANG_WARN__DUPLICATE_METHOD_MATCH = YES;
				"CODE_SIGN_IDENTITY[sdk=iphoneos*]" = "iPhone Developer";
				COPY_PHASE_STRIP = YES;
				ENABLE_NS_ASSERTIONS = NO;
				GCC_C_LANGUAGE_STANDARD = gnu99;
				GCC_WARN_64_TO_32_BIT_CONVERSION = YES;
				GCC_WARN_ABOUT_RETURN_TYPE = YES_ERROR;
				GCC_WARN_UNDECLARED_SELECTOR = YES;
				GCC_WARN_UNINITIALIZED_AUTOS = YES;
				GCC_WARN_UNUSED_FUNCTION = YES;
				GCC_WARN_UNUSED_VARIABLE = YES;
				IPHONEOS_DEPLOYMENT_TARGET = 7.0;
				SDKROOT = iphoneos;
				VALIDATE_PRODUCT = YES;
			};
			name = Release;
		};
		3B469FCB18B89D3A0095C418 /* Debug */ = {
			isa = XCBuildConfiguration;
			baseConfigurationReference = 3855FA515F94487752ABE36A /* Pods.debug.xcconfig */;
			buildSettings = {
				ASSETCATALOG_COMPILER_APPICON_NAME = AppIcon;
				ASSETCATALOG_COMPILER_LAUNCHIMAGE_NAME = LaunchImage;
				CODE_SIGN_ENTITLEMENTS = Hakenman/Hakenman.entitlements;
				CODE_SIGN_IDENTITY = "iPhone Developer";
				"CODE_SIGN_IDENTITY[sdk=iphoneos*]" = "iPhone Developer";
				FRAMEWORK_SEARCH_PATHS = (
					"$(inherited)",
					"$(DEVELOPER_FRAMEWORKS_DIR)",
					"$(PROJECT_DIR)",
				);
				GCC_PRECOMPILE_PREFIX_HEADER = YES;
				GCC_PREFIX_HEADER = "Hakenman/Hakenman-Prefix.pch";
				INFOPLIST_FILE = "Hakenman/Hakenman-Info.plist";
				IPHONEOS_DEPLOYMENT_TARGET = 7.0;
				LIBRARY_SEARCH_PATHS = (
					"$(inherited)",
					"$(PROJECT_DIR)/Pods/build/Debug-iphoneos",
				);
				ONLY_ACTIVE_ARCH = YES;
				PRODUCT_NAME = "$(TARGET_NAME)";
				PROVISIONING_PROFILE = "";
				VALID_ARCHS = "armv7s armv7 arm64";
				WRAPPER_EXTENSION = app;
			};
			name = Debug;
		};
		3B469FCC18B89D3A0095C418 /* Release */ = {
			isa = XCBuildConfiguration;
			baseConfigurationReference = 2834EA20A72D32E2759FD016 /* Pods.release.xcconfig */;
			buildSettings = {
				ASSETCATALOG_COMPILER_APPICON_NAME = AppIcon;
				ASSETCATALOG_COMPILER_LAUNCHIMAGE_NAME = LaunchImage;
				CODE_SIGN_ENTITLEMENTS = Hakenman/Hakenman.entitlements;
				CODE_SIGN_IDENTITY = "iPhone Developer";
				"CODE_SIGN_IDENTITY[sdk=iphoneos*]" = "iPhone Developer";
				FRAMEWORK_SEARCH_PATHS = (
					"$(inherited)",
					"$(DEVELOPER_FRAMEWORKS_DIR)",
					"$(PROJECT_DIR)",
				);
				GCC_PRECOMPILE_PREFIX_HEADER = YES;
				GCC_PREFIX_HEADER = "Hakenman/Hakenman-Prefix.pch";
				INFOPLIST_FILE = "Hakenman/Hakenman-Info.plist";
				IPHONEOS_DEPLOYMENT_TARGET = 7.0;
				LIBRARY_SEARCH_PATHS = (
					"$(inherited)",
					"$(PROJECT_DIR)/Pods/build/Debug-iphoneos",
				);
				ONLY_ACTIVE_ARCH = YES;
				PRODUCT_NAME = "$(TARGET_NAME)";
				PROVISIONING_PROFILE = "";
				VALID_ARCHS = "armv7s armv7 arm64";
				WRAPPER_EXTENSION = app;
			};
			name = Release;
		};
		3B469FCE18B89D3A0095C418 /* Debug */ = {
			isa = XCBuildConfiguration;
			buildSettings = {
				BUNDLE_LOADER = "$(BUILT_PRODUCTS_DIR)/Hakenman.app/Hakenman";
				FRAMEWORK_SEARCH_PATHS = (
					"$(SDKROOT)/Developer/Library/Frameworks",
					"$(inherited)",
					"$(DEVELOPER_FRAMEWORKS_DIR)",
				);
				GCC_PRECOMPILE_PREFIX_HEADER = YES;
				GCC_PREFIX_HEADER = "Hakenman/Hakenman-Prefix.pch";
				GCC_PREPROCESSOR_DEFINITIONS = (
					"DEBUG=1",
					"$(inherited)",
				);
				INFOPLIST_FILE = "HakenmanTests/HakenmanTests-Info.plist";
				PRODUCT_NAME = "$(TARGET_NAME)";
				TEST_HOST = "$(BUNDLE_LOADER)";
				WRAPPER_EXTENSION = xctest;
			};
			name = Debug;
		};
		3B469FCF18B89D3A0095C418 /* Release */ = {
			isa = XCBuildConfiguration;
			buildSettings = {
				BUNDLE_LOADER = "$(BUILT_PRODUCTS_DIR)/Hakenman.app/Hakenman";
				FRAMEWORK_SEARCH_PATHS = (
					"$(SDKROOT)/Developer/Library/Frameworks",
					"$(inherited)",
					"$(DEVELOPER_FRAMEWORKS_DIR)",
				);
				GCC_PRECOMPILE_PREFIX_HEADER = YES;
				GCC_PREFIX_HEADER = "Hakenman/Hakenman-Prefix.pch";
				INFOPLIST_FILE = "HakenmanTests/HakenmanTests-Info.plist";
				PRODUCT_NAME = "$(TARGET_NAME)";
				TEST_HOST = "$(BUNDLE_LOADER)";
				WRAPPER_EXTENSION = xctest;
			};
			name = Release;
		};
		5F1BFEF71BA7D1C400C06059 /* Debug */ = {
			isa = XCBuildConfiguration;
			buildSettings = {
				ASSETCATALOG_COMPILER_APPICON_NAME = AppIcon;
				CLANG_WARN_UNREACHABLE_CODE = YES;
				ENABLE_STRICT_OBJC_MSGSEND = YES;
				GCC_PREPROCESSOR_DEFINITIONS = (
					"DEBUG=1",
					"$(inherited)",
				);
				GCC_WARN_UNINITIALIZED_AUTOS = YES_AGGRESSIVE;
				IBSC_MODULE = Hakenman_WatchKit_Extension;
				INFOPLIST_FILE = "Hakenman WatchKit App/Info.plist";
				IPHONEOS_DEPLOYMENT_TARGET = 8.2;
				MTL_ENABLE_DEBUG_INFO = YES;
				PRODUCT_NAME = "$(TARGET_NAME)";
				SKIP_INSTALL = YES;
				TARGETED_DEVICE_FAMILY = 4;
				"TARGETED_DEVICE_FAMILY[sdk=iphonesimulator*]" = "1,4";
			};
			name = Debug;
		};
		5F1BFEF81BA7D1C400C06059 /* Release */ = {
			isa = XCBuildConfiguration;
			buildSettings = {
				ASSETCATALOG_COMPILER_APPICON_NAME = AppIcon;
				CLANG_WARN_UNREACHABLE_CODE = YES;
				COPY_PHASE_STRIP = NO;
				ENABLE_STRICT_OBJC_MSGSEND = YES;
				GCC_WARN_UNINITIALIZED_AUTOS = YES_AGGRESSIVE;
				IBSC_MODULE = Hakenman_WatchKit_Extension;
				INFOPLIST_FILE = "Hakenman WatchKit App/Info.plist";
				IPHONEOS_DEPLOYMENT_TARGET = 8.2;
				MTL_ENABLE_DEBUG_INFO = NO;
				PRODUCT_NAME = "$(TARGET_NAME)";
				SKIP_INSTALL = YES;
				TARGETED_DEVICE_FAMILY = 4;
				"TARGETED_DEVICE_FAMILY[sdk=iphonesimulator*]" = "1,4";
			};
			name = Release;
		};
		5F1BFEFA1BA7D1C400C06059 /* Debug */ = {
			isa = XCBuildConfiguration;
			buildSettings = {
				CLANG_WARN_UNREACHABLE_CODE = YES;
				CODE_SIGN_ENTITLEMENTS = "Hakenman WatchKit Extension/Hakenman WatchKit Extension.entitlements";
				CODE_SIGN_IDENTITY = "iPhone Developer";
				"CODE_SIGN_IDENTITY[sdk=iphoneos*]" = "iPhone Developer";
				ENABLE_STRICT_OBJC_MSGSEND = YES;
				GCC_PREPROCESSOR_DEFINITIONS = (
					"DEBUG=1",
					"$(inherited)",
				);
				GCC_WARN_UNINITIALIZED_AUTOS = YES_AGGRESSIVE;
				INFOPLIST_FILE = "Hakenman WatchKit Extension/Info.plist";
				IPHONEOS_DEPLOYMENT_TARGET = 8.2;
				LD_RUNPATH_SEARCH_PATHS = "$(inherited) @executable_path/Frameworks @executable_path/../../Frameworks";
				MTL_ENABLE_DEBUG_INFO = YES;
				PRODUCT_NAME = "${TARGET_NAME}";
				PROVISIONING_PROFILE = "";
				SKIP_INSTALL = YES;
			};
			name = Debug;
		};
		5F1BFEFB1BA7D1C400C06059 /* Release */ = {
			isa = XCBuildConfiguration;
			buildSettings = {
				CLANG_WARN_UNREACHABLE_CODE = YES;
				CODE_SIGN_ENTITLEMENTS = "Hakenman WatchKit Extension/Hakenman WatchKit Extension.entitlements";
				CODE_SIGN_IDENTITY = "iPhone Developer";
				"CODE_SIGN_IDENTITY[sdk=iphoneos*]" = "iPhone Developer";
				COPY_PHASE_STRIP = NO;
				ENABLE_STRICT_OBJC_MSGSEND = YES;
				GCC_WARN_UNINITIALIZED_AUTOS = YES_AGGRESSIVE;
				INFOPLIST_FILE = "Hakenman WatchKit Extension/Info.plist";
				IPHONEOS_DEPLOYMENT_TARGET = 8.2;
				LD_RUNPATH_SEARCH_PATHS = "$(inherited) @executable_path/Frameworks @executable_path/../../Frameworks";
				MTL_ENABLE_DEBUG_INFO = NO;
				PRODUCT_NAME = "${TARGET_NAME}";
				PROVISIONING_PROFILE = "";
				SKIP_INSTALL = YES;
			};
			name = Release;
		};
/* End XCBuildConfiguration section */

/* Begin XCConfigurationList section */
		3B469F9318B89D3A0095C418 /* Build configuration list for PBXProject "Hakenman" */ = {
			isa = XCConfigurationList;
			buildConfigurations = (
				3B469FC818B89D3A0095C418 /* Debug */,
				3B469FC918B89D3A0095C418 /* Release */,
			);
			defaultConfigurationIsVisible = 0;
			defaultConfigurationName = Release;
		};
		3B469FCA18B89D3A0095C418 /* Build configuration list for PBXNativeTarget "Hakenman" */ = {
			isa = XCConfigurationList;
			buildConfigurations = (
				3B469FCB18B89D3A0095C418 /* Debug */,
				3B469FCC18B89D3A0095C418 /* Release */,
			);
			defaultConfigurationIsVisible = 0;
			defaultConfigurationName = Release;
		};
		3B469FCD18B89D3A0095C418 /* Build configuration list for PBXNativeTarget "HakenmanTests" */ = {
			isa = XCConfigurationList;
			buildConfigurations = (
				3B469FCE18B89D3A0095C418 /* Debug */,
				3B469FCF18B89D3A0095C418 /* Release */,
			);
			defaultConfigurationIsVisible = 0;
			defaultConfigurationName = Release;
		};
		5F1BFEF61BA7D1C400C06059 /* Build configuration list for PBXNativeTarget "Hakenman WatchKit App" */ = {
			isa = XCConfigurationList;
			buildConfigurations = (
				5F1BFEF71BA7D1C400C06059 /* Debug */,
				5F1BFEF81BA7D1C400C06059 /* Release */,
			);
			defaultConfigurationIsVisible = 0;
			defaultConfigurationName = Release;
		};
		5F1BFEF91BA7D1C400C06059 /* Build configuration list for PBXNativeTarget "Hakenman WatchKit Extension" */ = {
			isa = XCConfigurationList;
			buildConfigurations = (
				5F1BFEFA1BA7D1C400C06059 /* Debug */,
				5F1BFEFB1BA7D1C400C06059 /* Release */,
			);
			defaultConfigurationIsVisible = 0;
			defaultConfigurationName = Release;
		};
/* End XCConfigurationList section */

/* Begin XCVersionGroup section */
		3B469FD118B8AB740095C418 /* hakenModel.xcdatamodeld */ = {
			isa = XCVersionGroup;
			children = (
				3B469FD218B8AB740095C418 /* hakenModel.xcdatamodel */,
			);
			currentVersion = 3B469FD218B8AB740095C418 /* hakenModel.xcdatamodel */;
			path = hakenModel.xcdatamodeld;
			sourceTree = "<group>";
			versionGroupType = wrapper.xcdatamodel;
		};
/* End XCVersionGroup section */
	};
	rootObject = 3B469F9018B89D3A0095C418 /* Project object */;
}
